
Microsoft Visual Studio Solution File, Format Version 11.00
# Visual Studio 2010
Project("{FAE04EC0-301F-11D3-BF4B-00C04F79EFBC}") = "SMes", "SMes\SMes.csproj", "{3C9A4737-6087-46CF-AD6D-A2CFA11D1717}"
EndProject
Project("{FAE04EC0-301F-11D3-BF4B-00C04F79EFBC}") = "SMes.Core", "SMes.Core\SMes.Core.csproj", "{7DDD1A40-0294-4E76-BD0F-E91144742B4D}"
EndProject
Project("{FAE04EC0-301F-11D3-BF4B-00C04F79EFBC}") = "SMes.Controls", "SMes.Controls\SMes.Controls.csproj", "{CB8E5319-F07B-4472-8C39-26626119ED44}"
EndProject
Global
	GlobalSection(SolutionConfigurationPlatforms) = preSolution
		Debug|Any CPU = Debug|Any CPU
		Debug|x86 = Debug|x86
		Release|Any CPU = Release|Any CPU
		Release|x86 = Release|x86
	EndGlobalSection
	GlobalSection(ProjectConfigurationPlatforms) = postSolution
		{3C9A4737-6087-46CF-AD6D-A2CFA11D1717}.Debug|Any CPU.ActiveCfg = Debug|Any CPU
		{3C9A4737-6087-46CF-AD6D-A2CFA11D1717}.Debug|Any CPU.Build.0 = Debug|Any CPU
		{3C9A4737-6087-46CF-AD6D-A2CFA11D1717}.Debug|x86.ActiveCfg = Debug|x86
		{3C9A4737-6087-46CF-AD6D-A2CFA11D1717}.Debug|x86.Build.0 = Debug|x86
		{3C9A4737-6087-46CF-AD6D-A2CFA11D1717}.Release|Any CPU.ActiveCfg = Release|Any CPU
		{3C9A4737-6087-46CF-AD6D-A2CFA11D1717}.Release|Any CPU.Build.0 = Release|Any CPU
		{3C9A4737-6087-46CF-AD6D-A2CFA11D1717}.Release|x86.ActiveCfg = Release|x86
		{3C9A4737-6087-46CF-AD6D-A2CFA11D1717}.Release|x86.Build.0 = Release|x86
		{7DDD1A40-0294-4E76-BD0F-E91144742B4D}.Debug|Any CPU.ActiveCfg = Debug|Any CPU
		{7DDD1A40-0294-4E76-BD0F-E91144742B4D}.Debug|Any CPU.Build.0 = Debug|Any CPU
		{7DDD1A40-0294-4E76-BD0F-E91144742B4D}.Debug|x86.ActiveCfg = Debug|Any CPU
		{7DDD1A40-0294-4E76-BD0F-E91144742B4D}.Release|Any CPU.ActiveCfg = Release|Any CPU
		{7DDD1A40-0294-4E76-BD0F-E91144742B4D}.Release|Any CPU.Build.0 = Release|Any CPU
		{7DDD1A40-0294-4E76-BD0F-E91144742B4D}.Release|x86.ActiveCfg = Release|Any CPU
		{CB8E5319-F07B-4472-8C39-26626119ED44}.Debug|Any CPU.ActiveCfg = Debug|Any CPU
		{CB8E5319-F07B-4472-8C39-26626119ED44}.Debug|Any CPU.Build.0 = Debug|Any CPU
		{CB8E5319-F07B-4472-8C39-26626119ED44}.Debug|x86.ActiveCfg = Debug|Any CPU
		{CB8E5319-F07B-4472-8C39-26626119ED44}.Release|Any CPU.ActiveCfg = Release|Any CPU
		{CB8E5319-F07B-4472-8C39-26626119ED44}.Release|Any CPU.Build.0 = Release|Any CPU
		{CB8E5319-F07B-4472-8C39-26626119ED44}.Release|x86.ActiveCfg = Release|Any CPU
	EndGlobalSection
	GlobalSection(SolutionProperties) = preSolution
		HideSolutionNode = FALSE
	EndGlobalSection
EndGlobal
