
Microsoft Visual Studio Solution File, Format Version 11.00
# Visual Studio 2010
Project("{FAE04EC0-301F-11D3-BF4B-00C04F79EFBC}") = "SMesFunctionMan", "SMesFunctionMan\SMesFunctionMan.csproj", "{0DA2F9BD-CC8D-4631-835C-5EDDEF293057}"
EndProject
Project("{FAE04EC0-301F-11D3-BF4B-00C04F79EFBC}") = "SMesUserMan", "SMesUserMan\SMesUserMan.csproj", "{2C1D4358-7D86-400D-9BFD-2F62BD51077D}"
EndProject
Project("{FAE04EC0-301F-11D3-BF4B-00C04F79EFBC}") = "SMesMenuMan", "SMesMenuMan\SMesMenuMan.csproj", "{DF7F2D82-6050-4243-8661-15195BA84495}"
EndProject
Project("{FAE04EC0-301F-11D3-BF4B-00C04F79EFBC}") = "SMesAssemblyPublish", "SMesAssemblyPublish\SMesAssemblyPublish.csproj", "{96D72DC0-03EC-4A3D-91E7-9D0A58BF8110}"
EndProject
Project("{FAE04EC0-301F-11D3-BF4B-00C04F79EFBC}") = "SAWaferDrawingFromFile", "SAWaferDrawingFromFile\SAWaferDrawingFromFile.csproj", "{D44A87A9-6F01-45A4-8FEB-9276804C509F}"
EndProject
Project("{FAE04EC0-301F-11D3-BF4B-00C04F79EFBC}") = "SMesPwdManager", "SMesPwdManager\SMesPwdManager.csproj", "{F155217B-EABF-47A8-A1F6-6EA6C7548762}"
EndProject
Project("{FAE04EC0-301F-11D3-BF4B-00C04F79EFBC}") = "SMesRespMan", "SMesRespMan\SMesRespMan.csproj", "{36F32281-34A8-40C3-B165-5F7BFE196BE1}"
EndProject
Project("{FAE04EC0-301F-11D3-BF4B-00C04F79EFBC}") = "SMesMenuGroupMan", "SMesMenuGroupMan\SMesMenuGroupMan.csproj", "{DBDD4D4E-947F-433E-A99F-F31D2A211881}"
EndProject
Project("{FAE04EC0-301F-11D3-BF4B-00C04F79EFBC}") = "SAPvdToMoCvdRpt", "SAPvdToMoCvdRpt\SAPvdToMoCvdRpt.csproj", "{07929097-467B-42A7-8E52-3EB4BD73BD29}"
EndProject
Project("{FAE04EC0-301F-11D3-BF4B-00C04F79EFBC}") = "SAEoiYieldRpt", "SAEoiYieldRpt\SAEoiYieldRpt.csproj", "{DB6CC101-F78B-453D-BE2B-288E240220EB}"
EndProject
Project("{FAE04EC0-301F-11D3-BF4B-00C04F79EFBC}") = "SMesUserDefMenuRef", "SMesUserDefMenuRef\SMesUserDefMenuRef.csproj", "{A841D9D1-1CAB-4887-80DF-1EBDD42A753A}"
EndProject
Project("{FAE04EC0-301F-11D3-BF4B-00C04F79EFBC}") = "SACHIPBlockIDRpt", "SABlockIDReport\SACHIPBlockIDRpt.csproj", "{1F505A19-1845-4F30-9977-EE25A2BC1F7C}"
EndProject
Project("{FAE04EC0-301F-11D3-BF4B-00C04F79EFBC}") = "SMesAccessDBMan", "SMesAccessDBMan\SMesAccessDBMan.csproj", "{2A726C36-513B-4034-A6E8-E12C88359BC0}"
EndProject
Project("{FAE04EC0-301F-11D3-BF4B-00C04F79EFBC}") = "SMesOrgMan", "SMesOrgMan\SMesOrgMan.csproj", "{97BB5503-00E7-4B37-8A38-AA72803631F9}"
EndProject
Project("{FAE04EC0-301F-11D3-BF4B-00C04F79EFBC}") = "SAEPIWaferReviewRpt", "EPIWaferReviewRpt\SAEPIWaferReviewRpt.csproj", "{874725A9-B048-454E-A592-79BED8D7F874}"
EndProject
Project("{FAE04EC0-301F-11D3-BF4B-00C04F79EFBC}") = "SACHIPFCLifeRpt", "SACHIPFCLifeRpt\SACHIPFCLifeRpt.csproj", "{E32C0359-B96A-40B1-836F-44AC1EA2D5D5}"
EndProject
Project("{FAE04EC0-301F-11D3-BF4B-00C04F79EFBC}") = "SAAndonSystem", "SAAndonSystem\SAAndonSystem.csproj", "{4EF30C72-EF2C-42C9-B3A9-FED55A3ED94D}"
EndProject
Project("{FAE04EC0-301F-11D3-BF4B-00C04F79EFBC}") = "SAEPIWipChangeData", "SMesChangeData\SAEPIWipChangeData.csproj", "{EC38A526-9AA1-4449-8753-9F597AEC51A3}"
EndProject
Project("{FAE04EC0-301F-11D3-BF4B-00C04F79EFBC}") = "SMesCenter", "SMesCenter\SMesCenter.csproj", "{9B4A4177-BCD7-41FD-8D02-CB4F5356F8DF}"
EndProject
Project("{FAE04EC0-301F-11D3-BF4B-00C04F79EFBC}") = "SAAutoExportCenter", "SAAutoExportCenter\SAAutoExportCenter.csproj", "{4C27095C-013F-4480-B18F-0FC453C8B0FF}"
EndProject
Project("{FAE04EC0-301F-11D3-BF4B-00C04F79EFBC}") = "SMesParameterMan", "SMesParameterMan\SMesParameterMan.csproj", "{606F9101-D366-4AB7-8393-409CDE3970DD}"
EndProject
Project("{FAE04EC0-301F-11D3-BF4B-00C04F79EFBC}") = "SMesLookUpCodeMan", "SMesLookUpCodeMan\SMesLookUpCodeMan.csproj", "{C2366700-5EBB-4367-AADA-62BFE995DD2F}"
EndProject
Project("{FAE04EC0-301F-11D3-BF4B-00C04F79EFBC}") = "SACHIPIPQCRpt", "SACHIPIPQCRpt\SACHIPIPQCRpt.csproj", "{ECB24AF1-3157-419E-BF66-63A3C08A9383}"
EndProject
Project("{FAE04EC0-301F-11D3-BF4B-00C04F79EFBC}") = "SAEPIGraphiteNoRpt", "SAEPIGraphiteNoRpt\SAEPIGraphiteNoRpt.csproj", "{2C6A8749-9B0F-4620-B7C2-49AE1799EDB5}"
EndProject
Project("{FAE04EC0-301F-11D3-BF4B-00C04F79EFBC}") = "SACHIPSourceRpt", "SACHIPSourceRpt\SACHIPSourceRpt.csproj", "{575E0AD8-6652-4491-826D-FC3E5D8A86B6}"
EndProject
Project("{FAE04EC0-301F-11D3-BF4B-00C04F79EFBC}") = "SAServicesCenter", "SAServicesCenter\SAServicesCenter.csproj", "{97B1BA86-4DE3-47EA-8CA9-0AC177623F3F}"
EndProject
Project("{FAE04EC0-301F-11D3-BF4B-00C04F79EFBC}") = "SACHIPPeelingRpt", "SACHIPPeelingRpt\SACHIPPeelingRpt.csproj", "{D64F5202-70A4-413D-A3DD-5FCC6407A406}"
EndProject
Project("{FAE04EC0-301F-11D3-BF4B-00C04F79EFBC}") = "SACHIPLifeRpt", "SACHIPLifeRpt\SACHIPLifeRpt.csproj", "{35B74D48-5947-4FE5-8660-C12583D4A65F}"
EndProject
Project("{FAE04EC0-301F-11D3-BF4B-00C04F79EFBC}") = "SACHIPPeelingDataRpt", "SACHIPPeelingDataRpt\SACHIPPeelingDataRpt.csproj", "{CE310C53-1A73-430F-9107-90D947608F70}"
EndProject
Project("{FAE04EC0-301F-11D3-BF4B-00C04F79EFBC}") = "SAEPIVerifyLifeRpt", "SAEPIVerifyLifeRpt\SAEPIVerifyLifeRpt.csproj", "{8D1F0154-DBFE-4DC7-B71C-3F50C70B4505}"
EndProject
Project("{FAE04EC0-301F-11D3-BF4B-00C04F79EFBC}") = "SACHIPHistDataRpt", "SACHIPHistDataRpt\SACHIPHistDataRpt.csproj", "{9CDDA42F-3893-462F-8C06-4CBB34775BF4}"
EndProject
Project("{FAE04EC0-301F-11D3-BF4B-00C04F79EFBC}") = "SAEPIReworkLotRpt", "SAEPIReworkLotRpt\SAEPIReworkLotRpt.csproj", "{3ECB09CB-4A48-49B9-A9D4-055492206A9C}"
EndProject
Project("{FAE04EC0-301F-11D3-BF4B-00C04F79EFBC}") = "SACHIPFreeSplitMergeRpt", "SACHIPFreeSplitMergeRpt\SACHIPFreeSplitMergeRpt.csproj", "{437B939F-A962-4004-B90F-C8F554721377}"
EndProject
Project("{FAE04EC0-301F-11D3-BF4B-00C04F79EFBC}") = "SAEPIEngineeringLogRpt", "SAEPIEngineeringLogRpt\SAEPIEngineeringLogRpt.csproj", "{08572DC6-A674-4229-825E-22D20061425A}"
EndProject
Project("{FAE04EC0-301F-11D3-BF4B-00C04F79EFBC}") = "SACHIPEQPMoveRpt", "SACHIPEQPMoveRpt\SACHIPEQPMoveRpt.csproj", "{E92F5276-7490-4FD4-91C2-2D74E3B789AD}"
EndProject
Project("{FAE04EC0-301F-11D3-BF4B-00C04F79EFBC}") = "SACHIPOutPutRPT", "SACHIPOutPutRPT\SACHIPOutPutRPT.csproj", "{0EFBA579-8F2F-4684-9293-A5FB40FDB03B}"
EndProject
Project("{FAE04EC0-301F-11D3-BF4B-00C04F79EFBC}") = "SAEPIReoperateRpt", "SAEPIReoperateRpt\SAEPIReoperateRpt.csproj", "{379E384D-281F-49E4-86BE-69ED5EB70393}"
EndProject
Project("{FAE04EC0-301F-11D3-BF4B-00C04F79EFBC}") = "SACHIPUrgentReport", "SMesUrgentReport\SACHIPUrgentReport.csproj", "{A2063D46-B3BE-4678-94CE-8D2BE1D37625}"
EndProject
Project("{FAE04EC0-301F-11D3-BF4B-00C04F79EFBC}") = "SAEPIWipCompRpt", "SAEPIWipCompRpt\SAEPIWipCompRpt.csproj", "{F625A9F6-F3D5-4137-9155-A604102AF9C5}"
EndProject
Project("{FAE04EC0-301F-11D3-BF4B-00C04F79EFBC}") = "SACHIPQCKValueRpt", "SACHIPQCKValueRpt\SACHIPQCKValueRpt.csproj", "{7A067594-0613-4A8E-A4C4-B018BE07042A}"
EndProject
Project("{FAE04EC0-301F-11D3-BF4B-00C04F79EFBC}") = "SAEPIEqpAnalyserRpt", "SAEPIEqpAnalyserRpt\SAEPIEqpAnalyserRpt.csproj", "{BFB6B2B3-3B18-44F7-A1B6-F74F15EAB1A7}"
EndProject
Project("{FAE04EC0-301F-11D3-BF4B-00C04F79EFBC}") = "SACHIPEDCRpt", "SACHIPEDCRpt\SACHIPEDCRpt.csproj", "{135255F6-B9FA-45B9-99A6-4FC7C9C0DEB5}"
EndProject
Project("{FAE04EC0-301F-11D3-BF4B-00C04F79EFBC}") = "SACHIPVerifyDataRpt", "SACHIPVerifyDataRpt\SACHIPVerifyDataRpt.csproj", "{2C8F6E6E-68A9-4B9F-8576-F9D239411975}"
EndProject
Project("{FAE04EC0-301F-11D3-BF4B-00C04F79EFBC}") = "SADailyVerifySampling", "SADailyVerifySampling\SADailyVerifySampling.csproj", "{F74676F4-A22B-4DDA-9879-3B625495401C}"
EndProject
Project("{FAE04EC0-301F-11D3-BF4B-00C04F79EFBC}") = "EquipmentRecord", "EquipmentRecord\EquipmentRecord.csproj", "{D81CB28E-051D-4B02-A76D-B4E388F5A56F}"
EndProject
Project("{FAE04EC0-301F-11D3-BF4B-00C04F79EFBC}") = "SACHIPWipCycleTimeRpt", "SACHIPWipCycleTimeRpt\SACHIPWipCycleTimeRpt.csproj", "{111EC373-7909-47BE-8A0A-98C8988CA931}"
EndProject
Project("{FAE04EC0-301F-11D3-BF4B-00C04F79EFBC}") = "SACHIPLotEQPList", "SACHIPLotEQPList\SACHIPLotEQPList.csproj", "{AD221994-DF35-431B-87E6-1475B6FE22B9}"
EndProject
Project("{FAE04EC0-301F-11D3-BF4B-00C04F79EFBC}") = "YxRepfrmBTpfsk", "YxRepfrmBTpfsk\YxRepfrmBTpfsk.csproj", "{3F5D1A93-2449-4058-B12F-90E0BEE418DC}"
EndProject
Project("{FAE04EC0-301F-11D3-BF4B-00C04F79EFBC}") = "frmBTpfskdz", "frmBTpfskdz\frmBTpfskdz.csproj", "{695B0CD0-0B3E-4660-9DF3-F37FF10121CE}"
EndProject
Project("{FAE04EC0-301F-11D3-BF4B-00C04F79EFBC}") = "YxRepDZP", "WindowsFormsApplication1\YxRepDZP.csproj", "{FE3A028B-2122-4C8A-B736-1220A11B7095}"
EndProject
Project("{FAE04EC0-301F-11D3-BF4B-00C04F79EFBC}") = "frmRSjy", "frmRSjy\frmRSjy.csproj", "{54A1C4EB-5016-4608-92C3-0F2F2F13F331}"
EndProject
Project("{FAE04EC0-301F-11D3-BF4B-00C04F79EFBC}") = "frmXSBase", "frmXSBase\frmXSBase.csproj", "{22337500-385F-4F8C-8AAB-58B9DB23DF0A}"
EndProject
Global
	GlobalSection(SolutionConfigurationPlatforms) = preSolution
		Debug|Any CPU = Debug|Any CPU
		Debug|Mixed Platforms = Debug|Mixed Platforms
		Debug|x86 = Debug|x86
		Development|Any CPU = Development|Any CPU
		Development|Mixed Platforms = Development|Mixed Platforms
		Development|x86 = Development|x86
		Release|Any CPU = Release|Any CPU
		Release|Mixed Platforms = Release|Mixed Platforms
		Release|x86 = Release|x86
	EndGlobalSection
	GlobalSection(ProjectConfigurationPlatforms) = postSolution
		{0DA2F9BD-CC8D-4631-835C-5EDDEF293057}.Debug|Any CPU.ActiveCfg = Debug|x86
		{0DA2F9BD-CC8D-4631-835C-5EDDEF293057}.Debug|Mixed Platforms.ActiveCfg = Debug|x86
		{0DA2F9BD-CC8D-4631-835C-5EDDEF293057}.Debug|Mixed Platforms.Build.0 = Debug|x86
		{0DA2F9BD-CC8D-4631-835C-5EDDEF293057}.Debug|x86.ActiveCfg = Debug|x86
		{0DA2F9BD-CC8D-4631-835C-5EDDEF293057}.Debug|x86.Build.0 = Debug|x86
		{0DA2F9BD-CC8D-4631-835C-5EDDEF293057}.Development|Any CPU.ActiveCfg = Debug|x86
		{0DA2F9BD-CC8D-4631-835C-5EDDEF293057}.Development|Mixed Platforms.ActiveCfg = Debug|x86
		{0DA2F9BD-CC8D-4631-835C-5EDDEF293057}.Development|Mixed Platforms.Build.0 = Debug|x86
		{0DA2F9BD-CC8D-4631-835C-5EDDEF293057}.Development|x86.ActiveCfg = Debug|x86
		{0DA2F9BD-CC8D-4631-835C-5EDDEF293057}.Development|x86.Build.0 = Debug|x86
		{0DA2F9BD-CC8D-4631-835C-5EDDEF293057}.Release|Any CPU.ActiveCfg = Release|x86
		{0DA2F9BD-CC8D-4631-835C-5EDDEF293057}.Release|Mixed Platforms.ActiveCfg = Release|x86
		{0DA2F9BD-CC8D-4631-835C-5EDDEF293057}.Release|Mixed Platforms.Build.0 = Release|x86
		{0DA2F9BD-CC8D-4631-835C-5EDDEF293057}.Release|x86.ActiveCfg = Release|x86
		{0DA2F9BD-CC8D-4631-835C-5EDDEF293057}.Release|x86.Build.0 = Release|x86
		{2C1D4358-7D86-400D-9BFD-2F62BD51077D}.Debug|Any CPU.ActiveCfg = Debug|x86
		{2C1D4358-7D86-400D-9BFD-2F62BD51077D}.Debug|Mixed Platforms.ActiveCfg = Debug|x86
		{2C1D4358-7D86-400D-9BFD-2F62BD51077D}.Debug|Mixed Platforms.Build.0 = Debug|x86
		{2C1D4358-7D86-400D-9BFD-2F62BD51077D}.Debug|x86.ActiveCfg = Debug|x86
		{2C1D4358-7D86-400D-9BFD-2F62BD51077D}.Debug|x86.Build.0 = Debug|x86
		{2C1D4358-7D86-400D-9BFD-2F62BD51077D}.Development|Any CPU.ActiveCfg = Debug|x86
		{2C1D4358-7D86-400D-9BFD-2F62BD51077D}.Development|Mixed Platforms.ActiveCfg = Debug|x86
		{2C1D4358-7D86-400D-9BFD-2F62BD51077D}.Development|Mixed Platforms.Build.0 = Debug|x86
		{2C1D4358-7D86-400D-9BFD-2F62BD51077D}.Development|x86.ActiveCfg = Debug|x86
		{2C1D4358-7D86-400D-9BFD-2F62BD51077D}.Development|x86.Build.0 = Debug|x86
		{2C1D4358-7D86-400D-9BFD-2F62BD51077D}.Release|Any CPU.ActiveCfg = Release|x86
		{2C1D4358-7D86-400D-9BFD-2F62BD51077D}.Release|Mixed Platforms.ActiveCfg = Release|x86
		{2C1D4358-7D86-400D-9BFD-2F62BD51077D}.Release|Mixed Platforms.Build.0 = Release|x86
		{2C1D4358-7D86-400D-9BFD-2F62BD51077D}.Release|x86.ActiveCfg = Release|x86
		{2C1D4358-7D86-400D-9BFD-2F62BD51077D}.Release|x86.Build.0 = Release|x86
		{DF7F2D82-6050-4243-8661-15195BA84495}.Debug|Any CPU.ActiveCfg = Debug|x86
		{DF7F2D82-6050-4243-8661-15195BA84495}.Debug|Mixed Platforms.ActiveCfg = Debug|x86
		{DF7F2D82-6050-4243-8661-15195BA84495}.Debug|Mixed Platforms.Build.0 = Debug|x86
		{DF7F2D82-6050-4243-8661-15195BA84495}.Debug|x86.ActiveCfg = Debug|x86
		{DF7F2D82-6050-4243-8661-15195BA84495}.Debug|x86.Build.0 = Debug|x86
		{DF7F2D82-6050-4243-8661-15195BA84495}.Development|Any CPU.ActiveCfg = Debug|x86
		{DF7F2D82-6050-4243-8661-15195BA84495}.Development|Mixed Platforms.ActiveCfg = Debug|x86
		{DF7F2D82-6050-4243-8661-15195BA84495}.Development|Mixed Platforms.Build.0 = Debug|x86
		{DF7F2D82-6050-4243-8661-15195BA84495}.Development|x86.ActiveCfg = Debug|x86
		{DF7F2D82-6050-4243-8661-15195BA84495}.Development|x86.Build.0 = Debug|x86
		{DF7F2D82-6050-4243-8661-15195BA84495}.Release|Any CPU.ActiveCfg = Release|x86
		{DF7F2D82-6050-4243-8661-15195BA84495}.Release|Mixed Platforms.ActiveCfg = Release|x86
		{DF7F2D82-6050-4243-8661-15195BA84495}.Release|Mixed Platforms.Build.0 = Release|x86
		{DF7F2D82-6050-4243-8661-15195BA84495}.Release|x86.ActiveCfg = Release|x86
		{DF7F2D82-6050-4243-8661-15195BA84495}.Release|x86.Build.0 = Release|x86
		{96D72DC0-03EC-4A3D-91E7-9D0A58BF8110}.Debug|Any CPU.ActiveCfg = Debug|Any CPU
		{96D72DC0-03EC-4A3D-91E7-9D0A58BF8110}.Debug|Any CPU.Build.0 = Debug|Any CPU
		{96D72DC0-03EC-4A3D-91E7-9D0A58BF8110}.Debug|Mixed Platforms.ActiveCfg = Debug|Any CPU
		{96D72DC0-03EC-4A3D-91E7-9D0A58BF8110}.Debug|Mixed Platforms.Build.0 = Debug|Any CPU
		{96D72DC0-03EC-4A3D-91E7-9D0A58BF8110}.Debug|x86.ActiveCfg = Debug|Any CPU
		{96D72DC0-03EC-4A3D-91E7-9D0A58BF8110}.Development|Any CPU.ActiveCfg = Debug|Any CPU
		{96D72DC0-03EC-4A3D-91E7-9D0A58BF8110}.Development|Any CPU.Build.0 = Debug|Any CPU
		{96D72DC0-03EC-4A3D-91E7-9D0A58BF8110}.Development|Mixed Platforms.ActiveCfg = Debug|Any CPU
		{96D72DC0-03EC-4A3D-91E7-9D0A58BF8110}.Development|Mixed Platforms.Build.0 = Debug|Any CPU
		{96D72DC0-03EC-4A3D-91E7-9D0A58BF8110}.Development|x86.ActiveCfg = Debug|Any CPU
		{96D72DC0-03EC-4A3D-91E7-9D0A58BF8110}.Release|Any CPU.ActiveCfg = Release|Any CPU
		{96D72DC0-03EC-4A3D-91E7-9D0A58BF8110}.Release|Any CPU.Build.0 = Release|Any CPU
		{96D72DC0-03EC-4A3D-91E7-9D0A58BF8110}.Release|Mixed Platforms.ActiveCfg = Release|Any CPU
		{96D72DC0-03EC-4A3D-91E7-9D0A58BF8110}.Release|Mixed Platforms.Build.0 = Release|Any CPU
		{96D72DC0-03EC-4A3D-91E7-9D0A58BF8110}.Release|x86.ActiveCfg = Release|Any CPU
		{D44A87A9-6F01-45A4-8FEB-9276804C509F}.Debug|Any CPU.ActiveCfg = Debug|Any CPU
		{D44A87A9-6F01-45A4-8FEB-9276804C509F}.Debug|Any CPU.Build.0 = Debug|Any CPU
		{D44A87A9-6F01-45A4-8FEB-9276804C509F}.Debug|Mixed Platforms.ActiveCfg = Debug|Any CPU
		{D44A87A9-6F01-45A4-8FEB-9276804C509F}.Debug|Mixed Platforms.Build.0 = Debug|Any CPU
		{D44A87A9-6F01-45A4-8FEB-9276804C509F}.Debug|x86.ActiveCfg = Debug|Any CPU
		{D44A87A9-6F01-45A4-8FEB-9276804C509F}.Development|Any CPU.ActiveCfg = Debug|Any CPU
		{D44A87A9-6F01-45A4-8FEB-9276804C509F}.Development|Any CPU.Build.0 = Debug|Any CPU
		{D44A87A9-6F01-45A4-8FEB-9276804C509F}.Development|Mixed Platforms.ActiveCfg = Debug|Any CPU
		{D44A87A9-6F01-45A4-8FEB-9276804C509F}.Development|Mixed Platforms.Build.0 = Debug|Any CPU
		{D44A87A9-6F01-45A4-8FEB-9276804C509F}.Development|x86.ActiveCfg = Debug|Any CPU
		{D44A87A9-6F01-45A4-8FEB-9276804C509F}.Release|Any CPU.ActiveCfg = Release|Any CPU
		{D44A87A9-6F01-45A4-8FEB-9276804C509F}.Release|Any CPU.Build.0 = Release|Any CPU
		{D44A87A9-6F01-45A4-8FEB-9276804C509F}.Release|Mixed Platforms.ActiveCfg = Release|Any CPU
		{D44A87A9-6F01-45A4-8FEB-9276804C509F}.Release|Mixed Platforms.Build.0 = Release|Any CPU
		{D44A87A9-6F01-45A4-8FEB-9276804C509F}.Release|x86.ActiveCfg = Release|Any CPU
		{F155217B-EABF-47A8-A1F6-6EA6C7548762}.Debug|Any CPU.ActiveCfg = Debug|Any CPU
		{F155217B-EABF-47A8-A1F6-6EA6C7548762}.Debug|Any CPU.Build.0 = Debug|Any CPU
		{F155217B-EABF-47A8-A1F6-6EA6C7548762}.Debug|Mixed Platforms.ActiveCfg = Debug|Any CPU
		{F155217B-EABF-47A8-A1F6-6EA6C7548762}.Debug|Mixed Platforms.Build.0 = Debug|Any CPU
		{F155217B-EABF-47A8-A1F6-6EA6C7548762}.Debug|x86.ActiveCfg = Debug|Any CPU
		{F155217B-EABF-47A8-A1F6-6EA6C7548762}.Development|Any CPU.ActiveCfg = Debug|Any CPU
		{F155217B-EABF-47A8-A1F6-6EA6C7548762}.Development|Any CPU.Build.0 = Debug|Any CPU
		{F155217B-EABF-47A8-A1F6-6EA6C7548762}.Development|Mixed Platforms.ActiveCfg = Debug|Any CPU
		{F155217B-EABF-47A8-A1F6-6EA6C7548762}.Development|Mixed Platforms.Build.0 = Debug|Any CPU
		{F155217B-EABF-47A8-A1F6-6EA6C7548762}.Development|x86.ActiveCfg = Debug|Any CPU
		{F155217B-EABF-47A8-A1F6-6EA6C7548762}.Release|Any CPU.ActiveCfg = Release|Any CPU
		{F155217B-EABF-47A8-A1F6-6EA6C7548762}.Release|Any CPU.Build.0 = Release|Any CPU
		{F155217B-EABF-47A8-A1F6-6EA6C7548762}.Release|Mixed Platforms.ActiveCfg = Release|Any CPU
		{F155217B-EABF-47A8-A1F6-6EA6C7548762}.Release|Mixed Platforms.Build.0 = Release|Any CPU
		{F155217B-EABF-47A8-A1F6-6EA6C7548762}.Release|x86.ActiveCfg = Release|Any CPU
		{36F32281-34A8-40C3-B165-5F7BFE196BE1}.Debug|Any CPU.ActiveCfg = Debug|Any CPU
		{36F32281-34A8-40C3-B165-5F7BFE196BE1}.Debug|Any CPU.Build.0 = Debug|Any CPU
		{36F32281-34A8-40C3-B165-5F7BFE196BE1}.Debug|Mixed Platforms.ActiveCfg = Debug|Any CPU
		{36F32281-34A8-40C3-B165-5F7BFE196BE1}.Debug|Mixed Platforms.Build.0 = Debug|Any CPU
		{36F32281-34A8-40C3-B165-5F7BFE196BE1}.Debug|x86.ActiveCfg = Debug|Any CPU
		{36F32281-34A8-40C3-B165-5F7BFE196BE1}.Development|Any CPU.ActiveCfg = Debug|Any CPU
		{36F32281-34A8-40C3-B165-5F7BFE196BE1}.Development|Any CPU.Build.0 = Debug|Any CPU
		{36F32281-34A8-40C3-B165-5F7BFE196BE1}.Development|Mixed Platforms.ActiveCfg = Debug|Any CPU
		{36F32281-34A8-40C3-B165-5F7BFE196BE1}.Development|Mixed Platforms.Build.0 = Debug|Any CPU
		{36F32281-34A8-40C3-B165-5F7BFE196BE1}.Development|x86.ActiveCfg = Debug|Any CPU
		{36F32281-34A8-40C3-B165-5F7BFE196BE1}.Release|Any CPU.ActiveCfg = Release|Any CPU
		{36F32281-34A8-40C3-B165-5F7BFE196BE1}.Release|Any CPU.Build.0 = Release|Any CPU
		{36F32281-34A8-40C3-B165-5F7BFE196BE1}.Release|Mixed Platforms.ActiveCfg = Release|Any CPU
		{36F32281-34A8-40C3-B165-5F7BFE196BE1}.Release|Mixed Platforms.Build.0 = Release|Any CPU
		{36F32281-34A8-40C3-B165-5F7BFE196BE1}.Release|x86.ActiveCfg = Release|Any CPU
		{DBDD4D4E-947F-433E-A99F-F31D2A211881}.Debug|Any CPU.ActiveCfg = Debug|Any CPU
		{DBDD4D4E-947F-433E-A99F-F31D2A211881}.Debug|Any CPU.Build.0 = Debug|Any CPU
		{DBDD4D4E-947F-433E-A99F-F31D2A211881}.Debug|Mixed Platforms.ActiveCfg = Debug|Any CPU
		{DBDD4D4E-947F-433E-A99F-F31D2A211881}.Debug|Mixed Platforms.Build.0 = Debug|Any CPU
		{DBDD4D4E-947F-433E-A99F-F31D2A211881}.Debug|x86.ActiveCfg = Debug|Any CPU
		{DBDD4D4E-947F-433E-A99F-F31D2A211881}.Development|Any CPU.ActiveCfg = Debug|Any CPU
		{DBDD4D4E-947F-433E-A99F-F31D2A211881}.Development|Any CPU.Build.0 = Debug|Any CPU
		{DBDD4D4E-947F-433E-A99F-F31D2A211881}.Development|Mixed Platforms.ActiveCfg = Debug|Any CPU
		{DBDD4D4E-947F-433E-A99F-F31D2A211881}.Development|Mixed Platforms.Build.0 = Debug|Any CPU
		{DBDD4D4E-947F-433E-A99F-F31D2A211881}.Development|x86.ActiveCfg = Debug|Any CPU
		{DBDD4D4E-947F-433E-A99F-F31D2A211881}.Release|Any CPU.ActiveCfg = Release|Any CPU
		{DBDD4D4E-947F-433E-A99F-F31D2A211881}.Release|Any CPU.Build.0 = Release|Any CPU
		{DBDD4D4E-947F-433E-A99F-F31D2A211881}.Release|Mixed Platforms.ActiveCfg = Release|Any CPU
		{DBDD4D4E-947F-433E-A99F-F31D2A211881}.Release|Mixed Platforms.Build.0 = Release|Any CPU
		{DBDD4D4E-947F-433E-A99F-F31D2A211881}.Release|x86.ActiveCfg = Release|Any CPU
		{07929097-467B-42A7-8E52-3EB4BD73BD29}.Debug|Any CPU.ActiveCfg = Debug|Any CPU
		{07929097-467B-42A7-8E52-3EB4BD73BD29}.Debug|Any CPU.Build.0 = Debug|Any CPU
		{07929097-467B-42A7-8E52-3EB4BD73BD29}.Debug|Mixed Platforms.ActiveCfg = Debug|Any CPU
		{07929097-467B-42A7-8E52-3EB4BD73BD29}.Debug|Mixed Platforms.Build.0 = Debug|Any CPU
		{07929097-467B-42A7-8E52-3EB4BD73BD29}.Debug|x86.ActiveCfg = Debug|Any CPU
		{07929097-467B-42A7-8E52-3EB4BD73BD29}.Development|Any CPU.ActiveCfg = Debug|Any CPU
		{07929097-467B-42A7-8E52-3EB4BD73BD29}.Development|Any CPU.Build.0 = Debug|Any CPU
		{07929097-467B-42A7-8E52-3EB4BD73BD29}.Development|Mixed Platforms.ActiveCfg = Debug|Any CPU
		{07929097-467B-42A7-8E52-3EB4BD73BD29}.Development|Mixed Platforms.Build.0 = Debug|Any CPU
		{07929097-467B-42A7-8E52-3EB4BD73BD29}.Development|x86.ActiveCfg = Debug|Any CPU
		{07929097-467B-42A7-8E52-3EB4BD73BD29}.Release|Any CPU.ActiveCfg = Release|Any CPU
		{07929097-467B-42A7-8E52-3EB4BD73BD29}.Release|Any CPU.Build.0 = Release|Any CPU
		{07929097-467B-42A7-8E52-3EB4BD73BD29}.Release|Mixed Platforms.ActiveCfg = Release|Any CPU
		{07929097-467B-42A7-8E52-3EB4BD73BD29}.Release|Mixed Platforms.Build.0 = Release|Any CPU
		{07929097-467B-42A7-8E52-3EB4BD73BD29}.Release|x86.ActiveCfg = Release|Any CPU
		{DB6CC101-F78B-453D-BE2B-288E240220EB}.Debug|Any CPU.ActiveCfg = Debug|x86
		{DB6CC101-F78B-453D-BE2B-288E240220EB}.Debug|Mixed Platforms.ActiveCfg = Debug|x86
		{DB6CC101-F78B-453D-BE2B-288E240220EB}.Debug|Mixed Platforms.Build.0 = Debug|x86
		{DB6CC101-F78B-453D-BE2B-288E240220EB}.Debug|x86.ActiveCfg = Debug|x86
		{DB6CC101-F78B-453D-BE2B-288E240220EB}.Debug|x86.Build.0 = Debug|x86
		{DB6CC101-F78B-453D-BE2B-288E240220EB}.Development|Any CPU.ActiveCfg = Debug|x86
		{DB6CC101-F78B-453D-BE2B-288E240220EB}.Development|Mixed Platforms.ActiveCfg = Debug|x86
		{DB6CC101-F78B-453D-BE2B-288E240220EB}.Development|Mixed Platforms.Build.0 = Debug|x86
		{DB6CC101-F78B-453D-BE2B-288E240220EB}.Development|x86.ActiveCfg = Debug|x86
		{DB6CC101-F78B-453D-BE2B-288E240220EB}.Development|x86.Build.0 = Debug|x86
		{DB6CC101-F78B-453D-BE2B-288E240220EB}.Release|Any CPU.ActiveCfg = Release|x86
		{DB6CC101-F78B-453D-BE2B-288E240220EB}.Release|Mixed Platforms.ActiveCfg = Release|x86
		{DB6CC101-F78B-453D-BE2B-288E240220EB}.Release|Mixed Platforms.Build.0 = Release|x86
		{DB6CC101-F78B-453D-BE2B-288E240220EB}.Release|x86.ActiveCfg = Release|x86
		{DB6CC101-F78B-453D-BE2B-288E240220EB}.Release|x86.Build.0 = Release|x86
		{A841D9D1-1CAB-4887-80DF-1EBDD42A753A}.Debug|Any CPU.ActiveCfg = Debug|Any CPU
		{A841D9D1-1CAB-4887-80DF-1EBDD42A753A}.Debug|Any CPU.Build.0 = Debug|Any CPU
		{A841D9D1-1CAB-4887-80DF-1EBDD42A753A}.Debug|Mixed Platforms.ActiveCfg = Debug|Any CPU
		{A841D9D1-1CAB-4887-80DF-1EBDD42A753A}.Debug|Mixed Platforms.Build.0 = Debug|Any CPU
		{A841D9D1-1CAB-4887-80DF-1EBDD42A753A}.Debug|x86.ActiveCfg = Debug|Any CPU
		{A841D9D1-1CAB-4887-80DF-1EBDD42A753A}.Development|Any CPU.ActiveCfg = Debug|Any CPU
		{A841D9D1-1CAB-4887-80DF-1EBDD42A753A}.Development|Any CPU.Build.0 = Debug|Any CPU
		{A841D9D1-1CAB-4887-80DF-1EBDD42A753A}.Development|Mixed Platforms.ActiveCfg = Debug|Any CPU
		{A841D9D1-1CAB-4887-80DF-1EBDD42A753A}.Development|Mixed Platforms.Build.0 = Debug|Any CPU
		{A841D9D1-1CAB-4887-80DF-1EBDD42A753A}.Development|x86.ActiveCfg = Debug|Any CPU
		{A841D9D1-1CAB-4887-80DF-1EBDD42A753A}.Release|Any CPU.ActiveCfg = Release|Any CPU
		{A841D9D1-1CAB-4887-80DF-1EBDD42A753A}.Release|Any CPU.Build.0 = Release|Any CPU
		{A841D9D1-1CAB-4887-80DF-1EBDD42A753A}.Release|Mixed Platforms.ActiveCfg = Release|Any CPU
		{A841D9D1-1CAB-4887-80DF-1EBDD42A753A}.Release|Mixed Platforms.Build.0 = Release|Any CPU
		{A841D9D1-1CAB-4887-80DF-1EBDD42A753A}.Release|x86.ActiveCfg = Release|Any CPU
		{1F505A19-1845-4F30-9977-EE25A2BC1F7C}.Debug|Any CPU.ActiveCfg = Debug|Any CPU
		{1F505A19-1845-4F30-9977-EE25A2BC1F7C}.Debug|Any CPU.Build.0 = Debug|Any CPU
		{1F505A19-1845-4F30-9977-EE25A2BC1F7C}.Debug|Mixed Platforms.ActiveCfg = Debug|Any CPU
		{1F505A19-1845-4F30-9977-EE25A2BC1F7C}.Debug|Mixed Platforms.Build.0 = Debug|Any CPU
		{1F505A19-1845-4F30-9977-EE25A2BC1F7C}.Debug|x86.ActiveCfg = Debug|Any CPU
		{1F505A19-1845-4F30-9977-EE25A2BC1F7C}.Development|Any CPU.ActiveCfg = Debug|Any CPU
		{1F505A19-1845-4F30-9977-EE25A2BC1F7C}.Development|Any CPU.Build.0 = Debug|Any CPU
		{1F505A19-1845-4F30-9977-EE25A2BC1F7C}.Development|Mixed Platforms.ActiveCfg = Debug|Any CPU
		{1F505A19-1845-4F30-9977-EE25A2BC1F7C}.Development|Mixed Platforms.Build.0 = Debug|Any CPU
		{1F505A19-1845-4F30-9977-EE25A2BC1F7C}.Development|x86.ActiveCfg = Debug|Any CPU
		{1F505A19-1845-4F30-9977-EE25A2BC1F7C}.Release|Any CPU.ActiveCfg = Release|Any CPU
		{1F505A19-1845-4F30-9977-EE25A2BC1F7C}.Release|Any CPU.Build.0 = Release|Any CPU
		{1F505A19-1845-4F30-9977-EE25A2BC1F7C}.Release|Mixed Platforms.ActiveCfg = Release|Any CPU
		{1F505A19-1845-4F30-9977-EE25A2BC1F7C}.Release|Mixed Platforms.Build.0 = Release|Any CPU
		{1F505A19-1845-4F30-9977-EE25A2BC1F7C}.Release|x86.ActiveCfg = Release|Any CPU
		{2A726C36-513B-4034-A6E8-E12C88359BC0}.Debug|Any CPU.ActiveCfg = Debug|x86
		{2A726C36-513B-4034-A6E8-E12C88359BC0}.Debug|Mixed Platforms.ActiveCfg = Debug|x86
		{2A726C36-513B-4034-A6E8-E12C88359BC0}.Debug|Mixed Platforms.Build.0 = Debug|x86
		{2A726C36-513B-4034-A6E8-E12C88359BC0}.Debug|x86.ActiveCfg = Debug|x86
		{2A726C36-513B-4034-A6E8-E12C88359BC0}.Debug|x86.Build.0 = Debug|x86
		{2A726C36-513B-4034-A6E8-E12C88359BC0}.Development|Any CPU.ActiveCfg = Debug|x86
		{2A726C36-513B-4034-A6E8-E12C88359BC0}.Development|Mixed Platforms.ActiveCfg = Debug|x86
		{2A726C36-513B-4034-A6E8-E12C88359BC0}.Development|Mixed Platforms.Build.0 = Debug|x86
		{2A726C36-513B-4034-A6E8-E12C88359BC0}.Development|x86.ActiveCfg = Debug|x86
		{2A726C36-513B-4034-A6E8-E12C88359BC0}.Development|x86.Build.0 = Debug|x86
		{2A726C36-513B-4034-A6E8-E12C88359BC0}.Release|Any CPU.ActiveCfg = Release|x86
		{2A726C36-513B-4034-A6E8-E12C88359BC0}.Release|Mixed Platforms.ActiveCfg = Release|x86
		{2A726C36-513B-4034-A6E8-E12C88359BC0}.Release|Mixed Platforms.Build.0 = Release|x86
		{2A726C36-513B-4034-A6E8-E12C88359BC0}.Release|x86.ActiveCfg = Release|x86
		{2A726C36-513B-4034-A6E8-E12C88359BC0}.Release|x86.Build.0 = Release|x86
		{97BB5503-00E7-4B37-8A38-AA72803631F9}.Debug|Any CPU.ActiveCfg = Debug|x86
		{97BB5503-00E7-4B37-8A38-AA72803631F9}.Debug|Mixed Platforms.ActiveCfg = Debug|x86
		{97BB5503-00E7-4B37-8A38-AA72803631F9}.Debug|Mixed Platforms.Build.0 = Debug|x86
		{97BB5503-00E7-4B37-8A38-AA72803631F9}.Debug|x86.ActiveCfg = Debug|x86
		{97BB5503-00E7-4B37-8A38-AA72803631F9}.Debug|x86.Build.0 = Debug|x86
		{97BB5503-00E7-4B37-8A38-AA72803631F9}.Development|Any CPU.ActiveCfg = Debug|x86
		{97BB5503-00E7-4B37-8A38-AA72803631F9}.Development|Mixed Platforms.ActiveCfg = Debug|x86
		{97BB5503-00E7-4B37-8A38-AA72803631F9}.Development|Mixed Platforms.Build.0 = Debug|x86
		{97BB5503-00E7-4B37-8A38-AA72803631F9}.Development|x86.ActiveCfg = Debug|x86
		{97BB5503-00E7-4B37-8A38-AA72803631F9}.Development|x86.Build.0 = Debug|x86
		{97BB5503-00E7-4B37-8A38-AA72803631F9}.Release|Any CPU.ActiveCfg = Release|x86
		{97BB5503-00E7-4B37-8A38-AA72803631F9}.Release|Mixed Platforms.ActiveCfg = Release|x86
		{97BB5503-00E7-4B37-8A38-AA72803631F9}.Release|Mixed Platforms.Build.0 = Release|x86
		{97BB5503-00E7-4B37-8A38-AA72803631F9}.Release|x86.ActiveCfg = Release|x86
		{97BB5503-00E7-4B37-8A38-AA72803631F9}.Release|x86.Build.0 = Release|x86
		{874725A9-B048-454E-A592-79BED8D7F874}.Debug|Any CPU.ActiveCfg = Debug|Any CPU
		{874725A9-B048-454E-A592-79BED8D7F874}.Debug|Any CPU.Build.0 = Debug|Any CPU
		{874725A9-B048-454E-A592-79BED8D7F874}.Debug|Mixed Platforms.ActiveCfg = Debug|Any CPU
		{874725A9-B048-454E-A592-79BED8D7F874}.Debug|Mixed Platforms.Build.0 = Debug|Any CPU
		{874725A9-B048-454E-A592-79BED8D7F874}.Debug|x86.ActiveCfg = Debug|Any CPU
		{874725A9-B048-454E-A592-79BED8D7F874}.Development|Any CPU.ActiveCfg = Debug|Any CPU
		{874725A9-B048-454E-A592-79BED8D7F874}.Development|Any CPU.Build.0 = Debug|Any CPU
		{874725A9-B048-454E-A592-79BED8D7F874}.Development|Mixed Platforms.ActiveCfg = Debug|Any CPU
		{874725A9-B048-454E-A592-79BED8D7F874}.Development|Mixed Platforms.Build.0 = Debug|Any CPU
		{874725A9-B048-454E-A592-79BED8D7F874}.Development|x86.ActiveCfg = Debug|Any CPU
		{874725A9-B048-454E-A592-79BED8D7F874}.Release|Any CPU.ActiveCfg = Release|Any CPU
		{874725A9-B048-454E-A592-79BED8D7F874}.Release|Any CPU.Build.0 = Release|Any CPU
		{874725A9-B048-454E-A592-79BED8D7F874}.Release|Mixed Platforms.ActiveCfg = Release|Any CPU
		{874725A9-B048-454E-A592-79BED8D7F874}.Release|Mixed Platforms.Build.0 = Release|Any CPU
		{874725A9-B048-454E-A592-79BED8D7F874}.Release|x86.ActiveCfg = Release|Any CPU
		{E32C0359-B96A-40B1-836F-44AC1EA2D5D5}.Debug|Any CPU.ActiveCfg = Debug|Any CPU
		{E32C0359-B96A-40B1-836F-44AC1EA2D5D5}.Debug|Any CPU.Build.0 = Debug|Any CPU
		{E32C0359-B96A-40B1-836F-44AC1EA2D5D5}.Debug|Mixed Platforms.ActiveCfg = Debug|Any CPU
		{E32C0359-B96A-40B1-836F-44AC1EA2D5D5}.Debug|Mixed Platforms.Build.0 = Debug|Any CPU
		{E32C0359-B96A-40B1-836F-44AC1EA2D5D5}.Debug|x86.ActiveCfg = Debug|Any CPU
		{E32C0359-B96A-40B1-836F-44AC1EA2D5D5}.Development|Any CPU.ActiveCfg = Debug|Any CPU
		{E32C0359-B96A-40B1-836F-44AC1EA2D5D5}.Development|Any CPU.Build.0 = Debug|Any CPU
		{E32C0359-B96A-40B1-836F-44AC1EA2D5D5}.Development|Mixed Platforms.ActiveCfg = Debug|Any CPU
		{E32C0359-B96A-40B1-836F-44AC1EA2D5D5}.Development|Mixed Platforms.Build.0 = Debug|Any CPU
		{E32C0359-B96A-40B1-836F-44AC1EA2D5D5}.Development|x86.ActiveCfg = Debug|Any CPU
		{E32C0359-B96A-40B1-836F-44AC1EA2D5D5}.Release|Any CPU.ActiveCfg = Release|Any CPU
		{E32C0359-B96A-40B1-836F-44AC1EA2D5D5}.Release|Any CPU.Build.0 = Release|Any CPU
		{E32C0359-B96A-40B1-836F-44AC1EA2D5D5}.Release|Mixed Platforms.ActiveCfg = Release|Any CPU
		{E32C0359-B96A-40B1-836F-44AC1EA2D5D5}.Release|Mixed Platforms.Build.0 = Release|Any CPU
		{E32C0359-B96A-40B1-836F-44AC1EA2D5D5}.Release|x86.ActiveCfg = Release|Any CPU
		{4EF30C72-EF2C-42C9-B3A9-FED55A3ED94D}.Debug|Any CPU.ActiveCfg = Debug|x86
		{4EF30C72-EF2C-42C9-B3A9-FED55A3ED94D}.Debug|Mixed Platforms.ActiveCfg = Debug|x86
		{4EF30C72-EF2C-42C9-B3A9-FED55A3ED94D}.Debug|Mixed Platforms.Build.0 = Debug|x86
		{4EF30C72-EF2C-42C9-B3A9-FED55A3ED94D}.Debug|x86.ActiveCfg = Debug|x86
		{4EF30C72-EF2C-42C9-B3A9-FED55A3ED94D}.Debug|x86.Build.0 = Debug|x86
		{4EF30C72-EF2C-42C9-B3A9-FED55A3ED94D}.Development|Any CPU.ActiveCfg = Debug|x86
		{4EF30C72-EF2C-42C9-B3A9-FED55A3ED94D}.Development|Mixed Platforms.ActiveCfg = Debug|x86
		{4EF30C72-EF2C-42C9-B3A9-FED55A3ED94D}.Development|Mixed Platforms.Build.0 = Debug|x86
		{4EF30C72-EF2C-42C9-B3A9-FED55A3ED94D}.Development|x86.ActiveCfg = Debug|x86
		{4EF30C72-EF2C-42C9-B3A9-FED55A3ED94D}.Development|x86.Build.0 = Debug|x86
		{4EF30C72-EF2C-42C9-B3A9-FED55A3ED94D}.Release|Any CPU.ActiveCfg = Release|x86
		{4EF30C72-EF2C-42C9-B3A9-FED55A3ED94D}.Release|Mixed Platforms.ActiveCfg = Release|x86
		{4EF30C72-EF2C-42C9-B3A9-FED55A3ED94D}.Release|Mixed Platforms.Build.0 = Release|x86
		{4EF30C72-EF2C-42C9-B3A9-FED55A3ED94D}.Release|x86.ActiveCfg = Release|x86
		{4EF30C72-EF2C-42C9-B3A9-FED55A3ED94D}.Release|x86.Build.0 = Release|x86
		{EC38A526-9AA1-4449-8753-9F597AEC51A3}.Debug|Any CPU.ActiveCfg = Debug|Any CPU
		{EC38A526-9AA1-4449-8753-9F597AEC51A3}.Debug|Any CPU.Build.0 = Debug|Any CPU
		{EC38A526-9AA1-4449-8753-9F597AEC51A3}.Debug|Mixed Platforms.ActiveCfg = Debug|Any CPU
		{EC38A526-9AA1-4449-8753-9F597AEC51A3}.Debug|Mixed Platforms.Build.0 = Debug|Any CPU
		{EC38A526-9AA1-4449-8753-9F597AEC51A3}.Debug|x86.ActiveCfg = Debug|Any CPU
		{EC38A526-9AA1-4449-8753-9F597AEC51A3}.Development|Any CPU.ActiveCfg = Debug|Any CPU
		{EC38A526-9AA1-4449-8753-9F597AEC51A3}.Development|Any CPU.Build.0 = Debug|Any CPU
		{EC38A526-9AA1-4449-8753-9F597AEC51A3}.Development|Mixed Platforms.ActiveCfg = Debug|Any CPU
		{EC38A526-9AA1-4449-8753-9F597AEC51A3}.Development|Mixed Platforms.Build.0 = Debug|Any CPU
		{EC38A526-9AA1-4449-8753-9F597AEC51A3}.Development|x86.ActiveCfg = Debug|Any CPU
		{EC38A526-9AA1-4449-8753-9F597AEC51A3}.Release|Any CPU.ActiveCfg = Release|Any CPU
		{EC38A526-9AA1-4449-8753-9F597AEC51A3}.Release|Any CPU.Build.0 = Release|Any CPU
		{EC38A526-9AA1-4449-8753-9F597AEC51A3}.Release|Mixed Platforms.ActiveCfg = Release|Any CPU
		{EC38A526-9AA1-4449-8753-9F597AEC51A3}.Release|Mixed Platforms.Build.0 = Release|Any CPU
		{EC38A526-9AA1-4449-8753-9F597AEC51A3}.Release|x86.ActiveCfg = Release|Any CPU
		{9B4A4177-BCD7-41FD-8D02-CB4F5356F8DF}.Debug|Any CPU.ActiveCfg = Debug|x86
		{9B4A4177-BCD7-41FD-8D02-CB4F5356F8DF}.Debug|Mixed Platforms.ActiveCfg = Debug|x86
		{9B4A4177-BCD7-41FD-8D02-CB4F5356F8DF}.Debug|Mixed Platforms.Build.0 = Debug|x86
		{9B4A4177-BCD7-41FD-8D02-CB4F5356F8DF}.Debug|x86.ActiveCfg = Debug|x86
		{9B4A4177-BCD7-41FD-8D02-CB4F5356F8DF}.Debug|x86.Build.0 = Debug|x86
		{9B4A4177-BCD7-41FD-8D02-CB4F5356F8DF}.Development|Any CPU.ActiveCfg = Debug|x86
		{9B4A4177-BCD7-41FD-8D02-CB4F5356F8DF}.Development|Mixed Platforms.ActiveCfg = Debug|x86
		{9B4A4177-BCD7-41FD-8D02-CB4F5356F8DF}.Development|Mixed Platforms.Build.0 = Debug|x86
		{9B4A4177-BCD7-41FD-8D02-CB4F5356F8DF}.Development|x86.ActiveCfg = Debug|x86
		{9B4A4177-BCD7-41FD-8D02-CB4F5356F8DF}.Development|x86.Build.0 = Debug|x86
		{9B4A4177-BCD7-41FD-8D02-CB4F5356F8DF}.Release|Any CPU.ActiveCfg = Release|x86
		{9B4A4177-BCD7-41FD-8D02-CB4F5356F8DF}.Release|Mixed Platforms.ActiveCfg = Release|x86
		{9B4A4177-BCD7-41FD-8D02-CB4F5356F8DF}.Release|Mixed Platforms.Build.0 = Release|x86
		{9B4A4177-BCD7-41FD-8D02-CB4F5356F8DF}.Release|x86.ActiveCfg = Release|x86
		{9B4A4177-BCD7-41FD-8D02-CB4F5356F8DF}.Release|x86.Build.0 = Release|x86
		{4C27095C-013F-4480-B18F-0FC453C8B0FF}.Debug|Any CPU.ActiveCfg = Debug|Any CPU
		{4C27095C-013F-4480-B18F-0FC453C8B0FF}.Debug|Any CPU.Build.0 = Debug|Any CPU
		{4C27095C-013F-4480-B18F-0FC453C8B0FF}.Debug|Mixed Platforms.ActiveCfg = Debug|Any CPU
		{4C27095C-013F-4480-B18F-0FC453C8B0FF}.Debug|Mixed Platforms.Build.0 = Debug|Any CPU
		{4C27095C-013F-4480-B18F-0FC453C8B0FF}.Debug|x86.ActiveCfg = Debug|Any CPU
		{4C27095C-013F-4480-B18F-0FC453C8B0FF}.Development|Any CPU.ActiveCfg = Debug|Any CPU
		{4C27095C-013F-4480-B18F-0FC453C8B0FF}.Development|Any CPU.Build.0 = Debug|Any CPU
		{4C27095C-013F-4480-B18F-0FC453C8B0FF}.Development|Mixed Platforms.ActiveCfg = Debug|Any CPU
		{4C27095C-013F-4480-B18F-0FC453C8B0FF}.Development|Mixed Platforms.Build.0 = Debug|Any CPU
		{4C27095C-013F-4480-B18F-0FC453C8B0FF}.Development|x86.ActiveCfg = Debug|Any CPU
		{4C27095C-013F-4480-B18F-0FC453C8B0FF}.Release|Any CPU.ActiveCfg = Release|Any CPU
		{4C27095C-013F-4480-B18F-0FC453C8B0FF}.Release|Any CPU.Build.0 = Release|Any CPU
		{4C27095C-013F-4480-B18F-0FC453C8B0FF}.Release|Mixed Platforms.ActiveCfg = Release|Any CPU
		{4C27095C-013F-4480-B18F-0FC453C8B0FF}.Release|Mixed Platforms.Build.0 = Release|Any CPU
		{4C27095C-013F-4480-B18F-0FC453C8B0FF}.Release|x86.ActiveCfg = Release|Any CPU
		{606F9101-D366-4AB7-8393-409CDE3970DD}.Debug|Any CPU.ActiveCfg = Debug|Any CPU
		{606F9101-D366-4AB7-8393-409CDE3970DD}.Debug|Any CPU.Build.0 = Debug|Any CPU
		{606F9101-D366-4AB7-8393-409CDE3970DD}.Debug|Mixed Platforms.ActiveCfg = Debug|Any CPU
		{606F9101-D366-4AB7-8393-409CDE3970DD}.Debug|Mixed Platforms.Build.0 = Debug|Any CPU
		{606F9101-D366-4AB7-8393-409CDE3970DD}.Debug|x86.ActiveCfg = Debug|Any CPU
		{606F9101-D366-4AB7-8393-409CDE3970DD}.Development|Any CPU.ActiveCfg = Debug|Any CPU
		{606F9101-D366-4AB7-8393-409CDE3970DD}.Development|Any CPU.Build.0 = Debug|Any CPU
		{606F9101-D366-4AB7-8393-409CDE3970DD}.Development|Mixed Platforms.ActiveCfg = Debug|Any CPU
		{606F9101-D366-4AB7-8393-409CDE3970DD}.Development|Mixed Platforms.Build.0 = Debug|Any CPU
		{606F9101-D366-4AB7-8393-409CDE3970DD}.Development|x86.ActiveCfg = Debug|Any CPU
		{606F9101-D366-4AB7-8393-409CDE3970DD}.Release|Any CPU.ActiveCfg = Release|Any CPU
		{606F9101-D366-4AB7-8393-409CDE3970DD}.Release|Any CPU.Build.0 = Release|Any CPU
		{606F9101-D366-4AB7-8393-409CDE3970DD}.Release|Mixed Platforms.ActiveCfg = Release|Any CPU
		{606F9101-D366-4AB7-8393-409CDE3970DD}.Release|Mixed Platforms.Build.0 = Release|Any CPU
		{606F9101-D366-4AB7-8393-409CDE3970DD}.Release|x86.ActiveCfg = Release|Any CPU
		{C2366700-5EBB-4367-AADA-62BFE995DD2F}.Debug|Any CPU.ActiveCfg = Debug|Any CPU
		{C2366700-5EBB-4367-AADA-62BFE995DD2F}.Debug|Any CPU.Build.0 = Debug|Any CPU
		{C2366700-5EBB-4367-AADA-62BFE995DD2F}.Debug|Mixed Platforms.ActiveCfg = Debug|Any CPU
		{C2366700-5EBB-4367-AADA-62BFE995DD2F}.Debug|Mixed Platforms.Build.0 = Debug|Any CPU
		{C2366700-5EBB-4367-AADA-62BFE995DD2F}.Debug|x86.ActiveCfg = Debug|Any CPU
		{C2366700-5EBB-4367-AADA-62BFE995DD2F}.Development|Any CPU.ActiveCfg = Debug|Any CPU
		{C2366700-5EBB-4367-AADA-62BFE995DD2F}.Development|Any CPU.Build.0 = Debug|Any CPU
		{C2366700-5EBB-4367-AADA-62BFE995DD2F}.Development|Mixed Platforms.ActiveCfg = Debug|Any CPU
		{C2366700-5EBB-4367-AADA-62BFE995DD2F}.Development|Mixed Platforms.Build.0 = Debug|Any CPU
		{C2366700-5EBB-4367-AADA-62BFE995DD2F}.Development|x86.ActiveCfg = Debug|Any CPU
		{C2366700-5EBB-4367-AADA-62BFE995DD2F}.Release|Any CPU.ActiveCfg = Release|Any CPU
		{C2366700-5EBB-4367-AADA-62BFE995DD2F}.Release|Any CPU.Build.0 = Release|Any CPU
		{C2366700-5EBB-4367-AADA-62BFE995DD2F}.Release|Mixed Platforms.ActiveCfg = Release|Any CPU
		{C2366700-5EBB-4367-AADA-62BFE995DD2F}.Release|Mixed Platforms.Build.0 = Release|Any CPU
		{C2366700-5EBB-4367-AADA-62BFE995DD2F}.Release|x86.ActiveCfg = Release|Any CPU
		{ECB24AF1-3157-419E-BF66-63A3C08A9383}.Debug|Any CPU.ActiveCfg = Debug|Any CPU
		{ECB24AF1-3157-419E-BF66-63A3C08A9383}.Debug|Any CPU.Build.0 = Debug|Any CPU
		{ECB24AF1-3157-419E-BF66-63A3C08A9383}.Debug|Mixed Platforms.ActiveCfg = Debug|Any CPU
		{ECB24AF1-3157-419E-BF66-63A3C08A9383}.Debug|Mixed Platforms.Build.0 = Debug|Any CPU
		{ECB24AF1-3157-419E-BF66-63A3C08A9383}.Debug|x86.ActiveCfg = Debug|Any CPU
		{ECB24AF1-3157-419E-BF66-63A3C08A9383}.Development|Any CPU.ActiveCfg = Debug|Any CPU
		{ECB24AF1-3157-419E-BF66-63A3C08A9383}.Development|Any CPU.Build.0 = Debug|Any CPU
		{ECB24AF1-3157-419E-BF66-63A3C08A9383}.Development|Mixed Platforms.ActiveCfg = Debug|Any CPU
		{ECB24AF1-3157-419E-BF66-63A3C08A9383}.Development|Mixed Platforms.Build.0 = Debug|Any CPU
		{ECB24AF1-3157-419E-BF66-63A3C08A9383}.Development|x86.ActiveCfg = Debug|Any CPU
		{ECB24AF1-3157-419E-BF66-63A3C08A9383}.Release|Any CPU.ActiveCfg = Release|Any CPU
		{ECB24AF1-3157-419E-BF66-63A3C08A9383}.Release|Any CPU.Build.0 = Release|Any CPU
		{ECB24AF1-3157-419E-BF66-63A3C08A9383}.Release|Mixed Platforms.ActiveCfg = Release|Any CPU
		{ECB24AF1-3157-419E-BF66-63A3C08A9383}.Release|Mixed Platforms.Build.0 = Release|Any CPU
		{ECB24AF1-3157-419E-BF66-63A3C08A9383}.Release|x86.ActiveCfg = Release|Any CPU
		{2C6A8749-9B0F-4620-B7C2-49AE1799EDB5}.Debug|Any CPU.ActiveCfg = Debug|x86
		{2C6A8749-9B0F-4620-B7C2-49AE1799EDB5}.Debug|Mixed Platforms.ActiveCfg = Debug|x86
		{2C6A8749-9B0F-4620-B7C2-49AE1799EDB5}.Debug|Mixed Platforms.Build.0 = Debug|x86
		{2C6A8749-9B0F-4620-B7C2-49AE1799EDB5}.Debug|x86.ActiveCfg = Debug|x86
		{2C6A8749-9B0F-4620-B7C2-49AE1799EDB5}.Debug|x86.Build.0 = Debug|x86
		{2C6A8749-9B0F-4620-B7C2-49AE1799EDB5}.Development|Any CPU.ActiveCfg = Debug|x86
		{2C6A8749-9B0F-4620-B7C2-49AE1799EDB5}.Development|Mixed Platforms.ActiveCfg = Debug|x86
		{2C6A8749-9B0F-4620-B7C2-49AE1799EDB5}.Development|Mixed Platforms.Build.0 = Debug|x86
		{2C6A8749-9B0F-4620-B7C2-49AE1799EDB5}.Development|x86.ActiveCfg = Debug|x86
		{2C6A8749-9B0F-4620-B7C2-49AE1799EDB5}.Development|x86.Build.0 = Debug|x86
		{2C6A8749-9B0F-4620-B7C2-49AE1799EDB5}.Release|Any CPU.ActiveCfg = Release|x86
		{2C6A8749-9B0F-4620-B7C2-49AE1799EDB5}.Release|Mixed Platforms.ActiveCfg = Release|x86
		{2C6A8749-9B0F-4620-B7C2-49AE1799EDB5}.Release|Mixed Platforms.Build.0 = Release|x86
		{2C6A8749-9B0F-4620-B7C2-49AE1799EDB5}.Release|x86.ActiveCfg = Release|x86
		{2C6A8749-9B0F-4620-B7C2-49AE1799EDB5}.Release|x86.Build.0 = Release|x86
		{575E0AD8-6652-4491-826D-FC3E5D8A86B6}.Debug|Any CPU.ActiveCfg = Debug|Any CPU
		{575E0AD8-6652-4491-826D-FC3E5D8A86B6}.Debug|Any CPU.Build.0 = Debug|Any CPU
		{575E0AD8-6652-4491-826D-FC3E5D8A86B6}.Debug|Mixed Platforms.ActiveCfg = Debug|Any CPU
		{575E0AD8-6652-4491-826D-FC3E5D8A86B6}.Debug|Mixed Platforms.Build.0 = Debug|Any CPU
		{575E0AD8-6652-4491-826D-FC3E5D8A86B6}.Debug|x86.ActiveCfg = Debug|Any CPU
		{575E0AD8-6652-4491-826D-FC3E5D8A86B6}.Development|Any CPU.ActiveCfg = Debug|Any CPU
		{575E0AD8-6652-4491-826D-FC3E5D8A86B6}.Development|Any CPU.Build.0 = Debug|Any CPU
		{575E0AD8-6652-4491-826D-FC3E5D8A86B6}.Development|Mixed Platforms.ActiveCfg = Debug|Any CPU
		{575E0AD8-6652-4491-826D-FC3E5D8A86B6}.Development|Mixed Platforms.Build.0 = Debug|Any CPU
		{575E0AD8-6652-4491-826D-FC3E5D8A86B6}.Development|x86.ActiveCfg = Debug|Any CPU
		{575E0AD8-6652-4491-826D-FC3E5D8A86B6}.Release|Any CPU.ActiveCfg = Release|Any CPU
		{575E0AD8-6652-4491-826D-FC3E5D8A86B6}.Release|Any CPU.Build.0 = Release|Any CPU
		{575E0AD8-6652-4491-826D-FC3E5D8A86B6}.Release|Mixed Platforms.ActiveCfg = Release|Any CPU
		{575E0AD8-6652-4491-826D-FC3E5D8A86B6}.Release|Mixed Platforms.Build.0 = Release|Any CPU
		{575E0AD8-6652-4491-826D-FC3E5D8A86B6}.Release|x86.ActiveCfg = Release|Any CPU
		{97B1BA86-4DE3-47EA-8CA9-0AC177623F3F}.Debug|Any CPU.ActiveCfg = Debug|Any CPU
		{97B1BA86-4DE3-47EA-8CA9-0AC177623F3F}.Debug|Any CPU.Build.0 = Debug|Any CPU
		{97B1BA86-4DE3-47EA-8CA9-0AC177623F3F}.Debug|Mixed Platforms.ActiveCfg = Debug|Any CPU
		{97B1BA86-4DE3-47EA-8CA9-0AC177623F3F}.Debug|Mixed Platforms.Build.0 = Debug|Any CPU
		{97B1BA86-4DE3-47EA-8CA9-0AC177623F3F}.Debug|x86.ActiveCfg = Debug|Any CPU
		{97B1BA86-4DE3-47EA-8CA9-0AC177623F3F}.Development|Any CPU.ActiveCfg = Debug|Any CPU
		{97B1BA86-4DE3-47EA-8CA9-0AC177623F3F}.Development|Any CPU.Build.0 = Debug|Any CPU
		{97B1BA86-4DE3-47EA-8CA9-0AC177623F3F}.Development|Mixed Platforms.ActiveCfg = Debug|Any CPU
		{97B1BA86-4DE3-47EA-8CA9-0AC177623F3F}.Development|Mixed Platforms.Build.0 = Debug|Any CPU
		{97B1BA86-4DE3-47EA-8CA9-0AC177623F3F}.Development|x86.ActiveCfg = Debug|Any CPU
		{97B1BA86-4DE3-47EA-8CA9-0AC177623F3F}.Release|Any CPU.ActiveCfg = Release|Any CPU
		{97B1BA86-4DE3-47EA-8CA9-0AC177623F3F}.Release|Any CPU.Build.0 = Release|Any CPU
		{97B1BA86-4DE3-47EA-8CA9-0AC177623F3F}.Release|Mixed Platforms.ActiveCfg = Release|Any CPU
		{97B1BA86-4DE3-47EA-8CA9-0AC177623F3F}.Release|Mixed Platforms.Build.0 = Release|Any CPU
		{97B1BA86-4DE3-47EA-8CA9-0AC177623F3F}.Release|x86.ActiveCfg = Release|Any CPU
		{D64F5202-70A4-413D-A3DD-5FCC6407A406}.Debug|Any CPU.ActiveCfg = Debug|Any CPU
		{D64F5202-70A4-413D-A3DD-5FCC6407A406}.Debug|Any CPU.Build.0 = Debug|Any CPU
		{D64F5202-70A4-413D-A3DD-5FCC6407A406}.Debug|Mixed Platforms.ActiveCfg = Debug|Any CPU
		{D64F5202-70A4-413D-A3DD-5FCC6407A406}.Debug|Mixed Platforms.Build.0 = Debug|Any CPU
		{D64F5202-70A4-413D-A3DD-5FCC6407A406}.Debug|x86.ActiveCfg = Debug|Any CPU
		{D64F5202-70A4-413D-A3DD-5FCC6407A406}.Development|Any CPU.ActiveCfg = Debug|Any CPU
		{D64F5202-70A4-413D-A3DD-5FCC6407A406}.Development|Any CPU.Build.0 = Debug|Any CPU
		{D64F5202-70A4-413D-A3DD-5FCC6407A406}.Development|Mixed Platforms.ActiveCfg = Debug|Any CPU
		{D64F5202-70A4-413D-A3DD-5FCC6407A406}.Development|Mixed Platforms.Build.0 = Debug|Any CPU
		{D64F5202-70A4-413D-A3DD-5FCC6407A406}.Development|x86.ActiveCfg = Debug|Any CPU
		{D64F5202-70A4-413D-A3DD-5FCC6407A406}.Release|Any CPU.ActiveCfg = Release|Any CPU
		{D64F5202-70A4-413D-A3DD-5FCC6407A406}.Release|Any CPU.Build.0 = Release|Any CPU
		{D64F5202-70A4-413D-A3DD-5FCC6407A406}.Release|Mixed Platforms.ActiveCfg = Release|Any CPU
		{D64F5202-70A4-413D-A3DD-5FCC6407A406}.Release|Mixed Platforms.Build.0 = Release|Any CPU
		{D64F5202-70A4-413D-A3DD-5FCC6407A406}.Release|x86.ActiveCfg = Release|Any CPU
		{35B74D48-5947-4FE5-8660-C12583D4A65F}.Debug|Any CPU.ActiveCfg = Debug|Any CPU
		{35B74D48-5947-4FE5-8660-C12583D4A65F}.Debug|Any CPU.Build.0 = Debug|Any CPU
		{35B74D48-5947-4FE5-8660-C12583D4A65F}.Debug|Mixed Platforms.ActiveCfg = Debug|Any CPU
		{35B74D48-5947-4FE5-8660-C12583D4A65F}.Debug|Mixed Platforms.Build.0 = Debug|Any CPU
		{35B74D48-5947-4FE5-8660-C12583D4A65F}.Debug|x86.ActiveCfg = Debug|Any CPU
		{35B74D48-5947-4FE5-8660-C12583D4A65F}.Development|Any CPU.ActiveCfg = Debug|Any CPU
		{35B74D48-5947-4FE5-8660-C12583D4A65F}.Development|Any CPU.Build.0 = Debug|Any CPU
		{35B74D48-5947-4FE5-8660-C12583D4A65F}.Development|Mixed Platforms.ActiveCfg = Debug|Any CPU
		{35B74D48-5947-4FE5-8660-C12583D4A65F}.Development|Mixed Platforms.Build.0 = Debug|Any CPU
		{35B74D48-5947-4FE5-8660-C12583D4A65F}.Development|x86.ActiveCfg = Debug|Any CPU
		{35B74D48-5947-4FE5-8660-C12583D4A65F}.Release|Any CPU.ActiveCfg = Release|Any CPU
		{35B74D48-5947-4FE5-8660-C12583D4A65F}.Release|Any CPU.Build.0 = Release|Any CPU
		{35B74D48-5947-4FE5-8660-C12583D4A65F}.Release|Mixed Platforms.ActiveCfg = Release|Any CPU
		{35B74D48-5947-4FE5-8660-C12583D4A65F}.Release|Mixed Platforms.Build.0 = Release|Any CPU
		{35B74D48-5947-4FE5-8660-C12583D4A65F}.Release|x86.ActiveCfg = Release|Any CPU
		{CE310C53-1A73-430F-9107-90D947608F70}.Debug|Any CPU.ActiveCfg = Debug|Any CPU
		{CE310C53-1A73-430F-9107-90D947608F70}.Debug|Any CPU.Build.0 = Debug|Any CPU
		{CE310C53-1A73-430F-9107-90D947608F70}.Debug|Mixed Platforms.ActiveCfg = Debug|Any CPU
		{CE310C53-1A73-430F-9107-90D947608F70}.Debug|Mixed Platforms.Build.0 = Debug|Any CPU
		{CE310C53-1A73-430F-9107-90D947608F70}.Debug|x86.ActiveCfg = Debug|Any CPU
		{CE310C53-1A73-430F-9107-90D947608F70}.Development|Any CPU.ActiveCfg = Debug|Any CPU
		{CE310C53-1A73-430F-9107-90D947608F70}.Development|Any CPU.Build.0 = Debug|Any CPU
		{CE310C53-1A73-430F-9107-90D947608F70}.Development|Mixed Platforms.ActiveCfg = Debug|Any CPU
		{CE310C53-1A73-430F-9107-90D947608F70}.Development|Mixed Platforms.Build.0 = Debug|Any CPU
		{CE310C53-1A73-430F-9107-90D947608F70}.Development|x86.ActiveCfg = Debug|Any CPU
		{CE310C53-1A73-430F-9107-90D947608F70}.Release|Any CPU.ActiveCfg = Release|Any CPU
		{CE310C53-1A73-430F-9107-90D947608F70}.Release|Any CPU.Build.0 = Release|Any CPU
		{CE310C53-1A73-430F-9107-90D947608F70}.Release|Mixed Platforms.ActiveCfg = Release|Any CPU
		{CE310C53-1A73-430F-9107-90D947608F70}.Release|Mixed Platforms.Build.0 = Release|Any CPU
		{CE310C53-1A73-430F-9107-90D947608F70}.Release|x86.ActiveCfg = Release|Any CPU
		{8D1F0154-DBFE-4DC7-B71C-3F50C70B4505}.Debug|Any CPU.ActiveCfg = Debug|x86
		{8D1F0154-DBFE-4DC7-B71C-3F50C70B4505}.Debug|Mixed Platforms.ActiveCfg = Debug|x86
		{8D1F0154-DBFE-4DC7-B71C-3F50C70B4505}.Debug|Mixed Platforms.Build.0 = Debug|x86
		{8D1F0154-DBFE-4DC7-B71C-3F50C70B4505}.Debug|x86.ActiveCfg = Debug|x86
		{8D1F0154-DBFE-4DC7-B71C-3F50C70B4505}.Debug|x86.Build.0 = Debug|x86
		{8D1F0154-DBFE-4DC7-B71C-3F50C70B4505}.Development|Any CPU.ActiveCfg = Debug|x86
		{8D1F0154-DBFE-4DC7-B71C-3F50C70B4505}.Development|Mixed Platforms.ActiveCfg = Debug|x86
		{8D1F0154-DBFE-4DC7-B71C-3F50C70B4505}.Development|Mixed Platforms.Build.0 = Debug|x86
		{8D1F0154-DBFE-4DC7-B71C-3F50C70B4505}.Development|x86.ActiveCfg = Debug|x86
		{8D1F0154-DBFE-4DC7-B71C-3F50C70B4505}.Development|x86.Build.0 = Debug|x86
		{8D1F0154-DBFE-4DC7-B71C-3F50C70B4505}.Release|Any CPU.ActiveCfg = Release|x86
		{8D1F0154-DBFE-4DC7-B71C-3F50C70B4505}.Release|Mixed Platforms.ActiveCfg = Release|x86
		{8D1F0154-DBFE-4DC7-B71C-3F50C70B4505}.Release|Mixed Platforms.Build.0 = Release|x86
		{8D1F0154-DBFE-4DC7-B71C-3F50C70B4505}.Release|x86.ActiveCfg = Release|x86
		{8D1F0154-DBFE-4DC7-B71C-3F50C70B4505}.Release|x86.Build.0 = Release|x86
		{9CDDA42F-3893-462F-8C06-4CBB34775BF4}.Debug|Any CPU.ActiveCfg = Debug|Any CPU
		{9CDDA42F-3893-462F-8C06-4CBB34775BF4}.Debug|Any CPU.Build.0 = Debug|Any CPU
		{9CDDA42F-3893-462F-8C06-4CBB34775BF4}.Debug|Mixed Platforms.ActiveCfg = Debug|Any CPU
		{9CDDA42F-3893-462F-8C06-4CBB34775BF4}.Debug|Mixed Platforms.Build.0 = Debug|Any CPU
		{9CDDA42F-3893-462F-8C06-4CBB34775BF4}.Debug|x86.ActiveCfg = Debug|Any CPU
		{9CDDA42F-3893-462F-8C06-4CBB34775BF4}.Development|Any CPU.ActiveCfg = Debug|Any CPU
		{9CDDA42F-3893-462F-8C06-4CBB34775BF4}.Development|Any CPU.Build.0 = Debug|Any CPU
		{9CDDA42F-3893-462F-8C06-4CBB34775BF4}.Development|Mixed Platforms.ActiveCfg = Debug|Any CPU
		{9CDDA42F-3893-462F-8C06-4CBB34775BF4}.Development|Mixed Platforms.Build.0 = Debug|Any CPU
		{9CDDA42F-3893-462F-8C06-4CBB34775BF4}.Development|x86.ActiveCfg = Debug|Any CPU
		{9CDDA42F-3893-462F-8C06-4CBB34775BF4}.Release|Any CPU.ActiveCfg = Release|Any CPU
		{9CDDA42F-3893-462F-8C06-4CBB34775BF4}.Release|Any CPU.Build.0 = Release|Any CPU
		{9CDDA42F-3893-462F-8C06-4CBB34775BF4}.Release|Mixed Platforms.ActiveCfg = Release|Any CPU
		{9CDDA42F-3893-462F-8C06-4CBB34775BF4}.Release|Mixed Platforms.Build.0 = Release|Any CPU
		{9CDDA42F-3893-462F-8C06-4CBB34775BF4}.Release|x86.ActiveCfg = Release|Any CPU
		{3ECB09CB-4A48-49B9-A9D4-055492206A9C}.Debug|Any CPU.ActiveCfg = Debug|x86
		{3ECB09CB-4A48-49B9-A9D4-055492206A9C}.Debug|Mixed Platforms.ActiveCfg = Debug|x86
		{3ECB09CB-4A48-49B9-A9D4-055492206A9C}.Debug|Mixed Platforms.Build.0 = Debug|x86
		{3ECB09CB-4A48-49B9-A9D4-055492206A9C}.Debug|x86.ActiveCfg = Debug|x86
		{3ECB09CB-4A48-49B9-A9D4-055492206A9C}.Debug|x86.Build.0 = Debug|x86
		{3ECB09CB-4A48-49B9-A9D4-055492206A9C}.Development|Any CPU.ActiveCfg = Debug|x86
		{3ECB09CB-4A48-49B9-A9D4-055492206A9C}.Development|Mixed Platforms.ActiveCfg = Debug|x86
		{3ECB09CB-4A48-49B9-A9D4-055492206A9C}.Development|Mixed Platforms.Build.0 = Debug|x86
		{3ECB09CB-4A48-49B9-A9D4-055492206A9C}.Development|x86.ActiveCfg = Debug|x86
		{3ECB09CB-4A48-49B9-A9D4-055492206A9C}.Development|x86.Build.0 = Debug|x86
		{3ECB09CB-4A48-49B9-A9D4-055492206A9C}.Release|Any CPU.ActiveCfg = Release|x86
		{3ECB09CB-4A48-49B9-A9D4-055492206A9C}.Release|Mixed Platforms.ActiveCfg = Release|x86
		{3ECB09CB-4A48-49B9-A9D4-055492206A9C}.Release|Mixed Platforms.Build.0 = Release|x86
		{3ECB09CB-4A48-49B9-A9D4-055492206A9C}.Release|x86.ActiveCfg = Release|x86
		{3ECB09CB-4A48-49B9-A9D4-055492206A9C}.Release|x86.Build.0 = Release|x86
		{437B939F-A962-4004-B90F-C8F554721377}.Debug|Any CPU.ActiveCfg = Debug|Any CPU
		{437B939F-A962-4004-B90F-C8F554721377}.Debug|Any CPU.Build.0 = Debug|Any CPU
		{437B939F-A962-4004-B90F-C8F554721377}.Debug|Mixed Platforms.ActiveCfg = Debug|Any CPU
		{437B939F-A962-4004-B90F-C8F554721377}.Debug|Mixed Platforms.Build.0 = Debug|Any CPU
		{437B939F-A962-4004-B90F-C8F554721377}.Debug|x86.ActiveCfg = Debug|Any CPU
		{437B939F-A962-4004-B90F-C8F554721377}.Development|Any CPU.ActiveCfg = Debug|Any CPU
		{437B939F-A962-4004-B90F-C8F554721377}.Development|Any CPU.Build.0 = Debug|Any CPU
		{437B939F-A962-4004-B90F-C8F554721377}.Development|Mixed Platforms.ActiveCfg = Debug|Any CPU
		{437B939F-A962-4004-B90F-C8F554721377}.Development|Mixed Platforms.Build.0 = Debug|Any CPU
		{437B939F-A962-4004-B90F-C8F554721377}.Development|x86.ActiveCfg = Debug|Any CPU
		{437B939F-A962-4004-B90F-C8F554721377}.Release|Any CPU.ActiveCfg = Release|Any CPU
		{437B939F-A962-4004-B90F-C8F554721377}.Release|Any CPU.Build.0 = Release|Any CPU
		{437B939F-A962-4004-B90F-C8F554721377}.Release|Mixed Platforms.ActiveCfg = Release|Any CPU
		{437B939F-A962-4004-B90F-C8F554721377}.Release|Mixed Platforms.Build.0 = Release|Any CPU
		{437B939F-A962-4004-B90F-C8F554721377}.Release|x86.ActiveCfg = Release|Any CPU
		{08572DC6-A674-4229-825E-22D20061425A}.Debug|Any CPU.ActiveCfg = Debug|x86
		{08572DC6-A674-4229-825E-22D20061425A}.Debug|Mixed Platforms.ActiveCfg = Debug|x86
		{08572DC6-A674-4229-825E-22D20061425A}.Debug|Mixed Platforms.Build.0 = Debug|x86
		{08572DC6-A674-4229-825E-22D20061425A}.Debug|x86.ActiveCfg = Debug|x86
		{08572DC6-A674-4229-825E-22D20061425A}.Debug|x86.Build.0 = Debug|x86
		{08572DC6-A674-4229-825E-22D20061425A}.Development|Any CPU.ActiveCfg = Debug|x86
		{08572DC6-A674-4229-825E-22D20061425A}.Development|Mixed Platforms.ActiveCfg = Debug|x86
		{08572DC6-A674-4229-825E-22D20061425A}.Development|Mixed Platforms.Build.0 = Debug|x86
		{08572DC6-A674-4229-825E-22D20061425A}.Development|x86.ActiveCfg = Debug|x86
		{08572DC6-A674-4229-825E-22D20061425A}.Development|x86.Build.0 = Debug|x86
		{08572DC6-A674-4229-825E-22D20061425A}.Release|Any CPU.ActiveCfg = Release|x86
		{08572DC6-A674-4229-825E-22D20061425A}.Release|Mixed Platforms.ActiveCfg = Release|x86
		{08572DC6-A674-4229-825E-22D20061425A}.Release|Mixed Platforms.Build.0 = Release|x86
		{08572DC6-A674-4229-825E-22D20061425A}.Release|x86.ActiveCfg = Release|x86
		{08572DC6-A674-4229-825E-22D20061425A}.Release|x86.Build.0 = Release|x86
		{E92F5276-7490-4FD4-91C2-2D74E3B789AD}.Debug|Any CPU.ActiveCfg = Debug|x86
		{E92F5276-7490-4FD4-91C2-2D74E3B789AD}.Debug|Mixed Platforms.ActiveCfg = Debug|x86
		{E92F5276-7490-4FD4-91C2-2D74E3B789AD}.Debug|Mixed Platforms.Build.0 = Debug|x86
		{E92F5276-7490-4FD4-91C2-2D74E3B789AD}.Debug|x86.ActiveCfg = Debug|x86
		{E92F5276-7490-4FD4-91C2-2D74E3B789AD}.Debug|x86.Build.0 = Debug|x86
		{E92F5276-7490-4FD4-91C2-2D74E3B789AD}.Development|Any CPU.ActiveCfg = Debug|x86
		{E92F5276-7490-4FD4-91C2-2D74E3B789AD}.Development|Mixed Platforms.ActiveCfg = Debug|x86
		{E92F5276-7490-4FD4-91C2-2D74E3B789AD}.Development|Mixed Platforms.Build.0 = Debug|x86
		{E92F5276-7490-4FD4-91C2-2D74E3B789AD}.Development|x86.ActiveCfg = Debug|x86
		{E92F5276-7490-4FD4-91C2-2D74E3B789AD}.Development|x86.Build.0 = Debug|x86
		{E92F5276-7490-4FD4-91C2-2D74E3B789AD}.Release|Any CPU.ActiveCfg = Release|x86
		{E92F5276-7490-4FD4-91C2-2D74E3B789AD}.Release|Mixed Platforms.ActiveCfg = Release|x86
		{E92F5276-7490-4FD4-91C2-2D74E3B789AD}.Release|Mixed Platforms.Build.0 = Release|x86
		{E92F5276-7490-4FD4-91C2-2D74E3B789AD}.Release|x86.ActiveCfg = Release|x86
		{E92F5276-7490-4FD4-91C2-2D74E3B789AD}.Release|x86.Build.0 = Release|x86
		{0EFBA579-8F2F-4684-9293-A5FB40FDB03B}.Debug|Any CPU.ActiveCfg = Debug|Any CPU
		{0EFBA579-8F2F-4684-9293-A5FB40FDB03B}.Debug|Any CPU.Build.0 = Debug|Any CPU
		{0EFBA579-8F2F-4684-9293-A5FB40FDB03B}.Debug|Mixed Platforms.ActiveCfg = Debug|Any CPU
		{0EFBA579-8F2F-4684-9293-A5FB40FDB03B}.Debug|Mixed Platforms.Build.0 = Debug|Any CPU
		{0EFBA579-8F2F-4684-9293-A5FB40FDB03B}.Debug|x86.ActiveCfg = Debug|Any CPU
		{0EFBA579-8F2F-4684-9293-A5FB40FDB03B}.Development|Any CPU.ActiveCfg = Debug|Any CPU
		{0EFBA579-8F2F-4684-9293-A5FB40FDB03B}.Development|Any CPU.Build.0 = Debug|Any CPU
		{0EFBA579-8F2F-4684-9293-A5FB40FDB03B}.Development|Mixed Platforms.ActiveCfg = Debug|Any CPU
		{0EFBA579-8F2F-4684-9293-A5FB40FDB03B}.Development|Mixed Platforms.Build.0 = Debug|Any CPU
		{0EFBA579-8F2F-4684-9293-A5FB40FDB03B}.Development|x86.ActiveCfg = Debug|Any CPU
		{0EFBA579-8F2F-4684-9293-A5FB40FDB03B}.Release|Any CPU.ActiveCfg = Release|Any CPU
		{0EFBA579-8F2F-4684-9293-A5FB40FDB03B}.Release|Any CPU.Build.0 = Release|Any CPU
		{0EFBA579-8F2F-4684-9293-A5FB40FDB03B}.Release|Mixed Platforms.ActiveCfg = Release|Any CPU
		{0EFBA579-8F2F-4684-9293-A5FB40FDB03B}.Release|Mixed Platforms.Build.0 = Release|Any CPU
		{0EFBA579-8F2F-4684-9293-A5FB40FDB03B}.Release|x86.ActiveCfg = Release|Any CPU
		{379E384D-281F-49E4-86BE-69ED5EB70393}.Debug|Any CPU.ActiveCfg = Debug|x86
		{379E384D-281F-49E4-86BE-69ED5EB70393}.Debug|Mixed Platforms.ActiveCfg = Debug|x86
		{379E384D-281F-49E4-86BE-69ED5EB70393}.Debug|Mixed Platforms.Build.0 = Debug|x86
		{379E384D-281F-49E4-86BE-69ED5EB70393}.Debug|x86.ActiveCfg = Debug|x86
		{379E384D-281F-49E4-86BE-69ED5EB70393}.Debug|x86.Build.0 = Debug|x86
		{379E384D-281F-49E4-86BE-69ED5EB70393}.Development|Any CPU.ActiveCfg = Debug|x86
		{379E384D-281F-49E4-86BE-69ED5EB70393}.Development|Mixed Platforms.ActiveCfg = Debug|x86
		{379E384D-281F-49E4-86BE-69ED5EB70393}.Development|Mixed Platforms.Build.0 = Debug|x86
		{379E384D-281F-49E4-86BE-69ED5EB70393}.Development|x86.ActiveCfg = Debug|x86
		{379E384D-281F-49E4-86BE-69ED5EB70393}.Development|x86.Build.0 = Debug|x86
		{379E384D-281F-49E4-86BE-69ED5EB70393}.Release|Any CPU.ActiveCfg = Release|x86
		{379E384D-281F-49E4-86BE-69ED5EB70393}.Release|Mixed Platforms.ActiveCfg = Release|x86
		{379E384D-281F-49E4-86BE-69ED5EB70393}.Release|Mixed Platforms.Build.0 = Release|x86
		{379E384D-281F-49E4-86BE-69ED5EB70393}.Release|x86.ActiveCfg = Release|x86
		{379E384D-281F-49E4-86BE-69ED5EB70393}.Release|x86.Build.0 = Release|x86
		{A2063D46-B3BE-4678-94CE-8D2BE1D37625}.Debug|Any CPU.ActiveCfg = Debug|x86
		{A2063D46-B3BE-4678-94CE-8D2BE1D37625}.Debug|Mixed Platforms.ActiveCfg = Debug|x86
		{A2063D46-B3BE-4678-94CE-8D2BE1D37625}.Debug|Mixed Platforms.Build.0 = Debug|x86
		{A2063D46-B3BE-4678-94CE-8D2BE1D37625}.Debug|x86.ActiveCfg = Debug|x86
		{A2063D46-B3BE-4678-94CE-8D2BE1D37625}.Debug|x86.Build.0 = Debug|x86
		{A2063D46-B3BE-4678-94CE-8D2BE1D37625}.Development|Any CPU.ActiveCfg = Debug|x86
		{A2063D46-B3BE-4678-94CE-8D2BE1D37625}.Development|Mixed Platforms.ActiveCfg = Debug|x86
		{A2063D46-B3BE-4678-94CE-8D2BE1D37625}.Development|Mixed Platforms.Build.0 = Debug|x86
		{A2063D46-B3BE-4678-94CE-8D2BE1D37625}.Development|x86.ActiveCfg = Debug|x86
		{A2063D46-B3BE-4678-94CE-8D2BE1D37625}.Development|x86.Build.0 = Debug|x86
		{A2063D46-B3BE-4678-94CE-8D2BE1D37625}.Release|Any CPU.ActiveCfg = Release|x86
		{A2063D46-B3BE-4678-94CE-8D2BE1D37625}.Release|Mixed Platforms.ActiveCfg = Release|x86
		{A2063D46-B3BE-4678-94CE-8D2BE1D37625}.Release|Mixed Platforms.Build.0 = Release|x86
		{A2063D46-B3BE-4678-94CE-8D2BE1D37625}.Release|x86.ActiveCfg = Release|x86
		{A2063D46-B3BE-4678-94CE-8D2BE1D37625}.Release|x86.Build.0 = Release|x86
		{F625A9F6-F3D5-4137-9155-A604102AF9C5}.Debug|Any CPU.ActiveCfg = Debug|x86
		{F625A9F6-F3D5-4137-9155-A604102AF9C5}.Debug|Mixed Platforms.ActiveCfg = Debug|x86
		{F625A9F6-F3D5-4137-9155-A604102AF9C5}.Debug|Mixed Platforms.Build.0 = Debug|x86
		{F625A9F6-F3D5-4137-9155-A604102AF9C5}.Debug|x86.ActiveCfg = Debug|x86
		{F625A9F6-F3D5-4137-9155-A604102AF9C5}.Debug|x86.Build.0 = Debug|x86
		{F625A9F6-F3D5-4137-9155-A604102AF9C5}.Development|Any CPU.ActiveCfg = Debug|x86
		{F625A9F6-F3D5-4137-9155-A604102AF9C5}.Development|Mixed Platforms.ActiveCfg = Debug|x86
		{F625A9F6-F3D5-4137-9155-A604102AF9C5}.Development|Mixed Platforms.Build.0 = Debug|x86
		{F625A9F6-F3D5-4137-9155-A604102AF9C5}.Development|x86.ActiveCfg = Debug|x86
		{F625A9F6-F3D5-4137-9155-A604102AF9C5}.Development|x86.Build.0 = Debug|x86
		{F625A9F6-F3D5-4137-9155-A604102AF9C5}.Release|Any CPU.ActiveCfg = Release|x86
		{F625A9F6-F3D5-4137-9155-A604102AF9C5}.Release|Mixed Platforms.ActiveCfg = Release|x86
		{F625A9F6-F3D5-4137-9155-A604102AF9C5}.Release|Mixed Platforms.Build.0 = Release|x86
		{F625A9F6-F3D5-4137-9155-A604102AF9C5}.Release|x86.ActiveCfg = Release|x86
		{F625A9F6-F3D5-4137-9155-A604102AF9C5}.Release|x86.Build.0 = Release|x86
		{7A067594-0613-4A8E-A4C4-B018BE07042A}.Debug|Any CPU.ActiveCfg = Debug|x86
		{7A067594-0613-4A8E-A4C4-B018BE07042A}.Debug|Mixed Platforms.ActiveCfg = Debug|x86
		{7A067594-0613-4A8E-A4C4-B018BE07042A}.Debug|Mixed Platforms.Build.0 = Debug|x86
		{7A067594-0613-4A8E-A4C4-B018BE07042A}.Debug|x86.ActiveCfg = Debug|x86
		{7A067594-0613-4A8E-A4C4-B018BE07042A}.Debug|x86.Build.0 = Debug|x86
		{7A067594-0613-4A8E-A4C4-B018BE07042A}.Development|Any CPU.ActiveCfg = Debug|x86
		{7A067594-0613-4A8E-A4C4-B018BE07042A}.Development|Mixed Platforms.ActiveCfg = Debug|x86
		{7A067594-0613-4A8E-A4C4-B018BE07042A}.Development|Mixed Platforms.Build.0 = Debug|x86
		{7A067594-0613-4A8E-A4C4-B018BE07042A}.Development|x86.ActiveCfg = Debug|x86
		{7A067594-0613-4A8E-A4C4-B018BE07042A}.Development|x86.Build.0 = Debug|x86
		{7A067594-0613-4A8E-A4C4-B018BE07042A}.Release|Any CPU.ActiveCfg = Release|x86
		{7A067594-0613-4A8E-A4C4-B018BE07042A}.Release|Mixed Platforms.ActiveCfg = Release|x86
		{7A067594-0613-4A8E-A4C4-B018BE07042A}.Release|Mixed Platforms.Build.0 = Release|x86
		{7A067594-0613-4A8E-A4C4-B018BE07042A}.Release|x86.ActiveCfg = Release|x86
		{7A067594-0613-4A8E-A4C4-B018BE07042A}.Release|x86.Build.0 = Release|x86
		{BFB6B2B3-3B18-44F7-A1B6-F74F15EAB1A7}.Debug|Any CPU.ActiveCfg = Debug|x86
		{BFB6B2B3-3B18-44F7-A1B6-F74F15EAB1A7}.Debug|Mixed Platforms.ActiveCfg = Debug|x86
		{BFB6B2B3-3B18-44F7-A1B6-F74F15EAB1A7}.Debug|Mixed Platforms.Build.0 = Debug|x86
		{BFB6B2B3-3B18-44F7-A1B6-F74F15EAB1A7}.Debug|x86.ActiveCfg = Debug|x86
		{BFB6B2B3-3B18-44F7-A1B6-F74F15EAB1A7}.Debug|x86.Build.0 = Debug|x86
		{BFB6B2B3-3B18-44F7-A1B6-F74F15EAB1A7}.Development|Any CPU.ActiveCfg = Debug|x86
		{BFB6B2B3-3B18-44F7-A1B6-F74F15EAB1A7}.Development|Mixed Platforms.ActiveCfg = Debug|x86
		{BFB6B2B3-3B18-44F7-A1B6-F74F15EAB1A7}.Development|Mixed Platforms.Build.0 = Debug|x86
		{BFB6B2B3-3B18-44F7-A1B6-F74F15EAB1A7}.Development|x86.ActiveCfg = Debug|x86
		{BFB6B2B3-3B18-44F7-A1B6-F74F15EAB1A7}.Development|x86.Build.0 = Debug|x86
		{BFB6B2B3-3B18-44F7-A1B6-F74F15EAB1A7}.Release|Any CPU.ActiveCfg = Release|x86
		{BFB6B2B3-3B18-44F7-A1B6-F74F15EAB1A7}.Release|Mixed Platforms.ActiveCfg = Release|x86
		{BFB6B2B3-3B18-44F7-A1B6-F74F15EAB1A7}.Release|Mixed Platforms.Build.0 = Release|x86
		{BFB6B2B3-3B18-44F7-A1B6-F74F15EAB1A7}.Release|x86.ActiveCfg = Release|x86
		{BFB6B2B3-3B18-44F7-A1B6-F74F15EAB1A7}.Release|x86.Build.0 = Release|x86
		{135255F6-B9FA-45B9-99A6-4FC7C9C0DEB5}.Debug|Any CPU.ActiveCfg = Debug|x86
		{135255F6-B9FA-45B9-99A6-4FC7C9C0DEB5}.Debug|Mixed Platforms.ActiveCfg = Debug|x86
		{135255F6-B9FA-45B9-99A6-4FC7C9C0DEB5}.Debug|Mixed Platforms.Build.0 = Debug|x86
		{135255F6-B9FA-45B9-99A6-4FC7C9C0DEB5}.Debug|x86.ActiveCfg = Debug|x86
		{135255F6-B9FA-45B9-99A6-4FC7C9C0DEB5}.Debug|x86.Build.0 = Debug|x86
		{135255F6-B9FA-45B9-99A6-4FC7C9C0DEB5}.Development|Any CPU.ActiveCfg = Debug|x86
		{135255F6-B9FA-45B9-99A6-4FC7C9C0DEB5}.Development|Mixed Platforms.ActiveCfg = Debug|x86
		{135255F6-B9FA-45B9-99A6-4FC7C9C0DEB5}.Development|Mixed Platforms.Build.0 = Debug|x86
		{135255F6-B9FA-45B9-99A6-4FC7C9C0DEB5}.Development|x86.ActiveCfg = Debug|x86
		{135255F6-B9FA-45B9-99A6-4FC7C9C0DEB5}.Development|x86.Build.0 = Debug|x86
		{135255F6-B9FA-45B9-99A6-4FC7C9C0DEB5}.Release|Any CPU.ActiveCfg = Release|x86
		{135255F6-B9FA-45B9-99A6-4FC7C9C0DEB5}.Release|Mixed Platforms.ActiveCfg = Release|x86
		{135255F6-B9FA-45B9-99A6-4FC7C9C0DEB5}.Release|Mixed Platforms.Build.0 = Release|x86
		{135255F6-B9FA-45B9-99A6-4FC7C9C0DEB5}.Release|x86.ActiveCfg = Release|x86
		{135255F6-B9FA-45B9-99A6-4FC7C9C0DEB5}.Release|x86.Build.0 = Release|x86
		{2C8F6E6E-68A9-4B9F-8576-F9D239411975}.Debug|Any CPU.ActiveCfg = Debug|x86
		{2C8F6E6E-68A9-4B9F-8576-F9D239411975}.Debug|Mixed Platforms.ActiveCfg = Debug|x86
		{2C8F6E6E-68A9-4B9F-8576-F9D239411975}.Debug|Mixed Platforms.Build.0 = Debug|x86
		{2C8F6E6E-68A9-4B9F-8576-F9D239411975}.Debug|x86.ActiveCfg = Debug|x86
		{2C8F6E6E-68A9-4B9F-8576-F9D239411975}.Debug|x86.Build.0 = Debug|x86
		{2C8F6E6E-68A9-4B9F-8576-F9D239411975}.Development|Any CPU.ActiveCfg = Debug|x86
		{2C8F6E6E-68A9-4B9F-8576-F9D239411975}.Development|Mixed Platforms.ActiveCfg = Debug|x86
		{2C8F6E6E-68A9-4B9F-8576-F9D239411975}.Development|Mixed Platforms.Build.0 = Debug|x86
		{2C8F6E6E-68A9-4B9F-8576-F9D239411975}.Development|x86.ActiveCfg = Debug|x86
		{2C8F6E6E-68A9-4B9F-8576-F9D239411975}.Development|x86.Build.0 = Debug|x86
		{2C8F6E6E-68A9-4B9F-8576-F9D239411975}.Release|Any CPU.ActiveCfg = Release|x86
		{2C8F6E6E-68A9-4B9F-8576-F9D239411975}.Release|Mixed Platforms.ActiveCfg = Release|x86
		{2C8F6E6E-68A9-4B9F-8576-F9D239411975}.Release|Mixed Platforms.Build.0 = Release|x86
		{2C8F6E6E-68A9-4B9F-8576-F9D239411975}.Release|x86.ActiveCfg = Release|x86
		{2C8F6E6E-68A9-4B9F-8576-F9D239411975}.Release|x86.Build.0 = Release|x86
		{F74676F4-A22B-4DDA-9879-3B625495401C}.Debug|Any CPU.ActiveCfg = Debug|x86
		{F74676F4-A22B-4DDA-9879-3B625495401C}.Debug|Mixed Platforms.ActiveCfg = Debug|x86
		{F74676F4-A22B-4DDA-9879-3B625495401C}.Debug|Mixed Platforms.Build.0 = Debug|x86
		{F74676F4-A22B-4DDA-9879-3B625495401C}.Debug|x86.ActiveCfg = Debug|x86
		{F74676F4-A22B-4DDA-9879-3B625495401C}.Debug|x86.Build.0 = Debug|x86
		{F74676F4-A22B-4DDA-9879-3B625495401C}.Development|Any CPU.ActiveCfg = Debug|x86
		{F74676F4-A22B-4DDA-9879-3B625495401C}.Development|Mixed Platforms.ActiveCfg = Debug|x86
		{F74676F4-A22B-4DDA-9879-3B625495401C}.Development|Mixed Platforms.Build.0 = Debug|x86
		{F74676F4-A22B-4DDA-9879-3B625495401C}.Development|x86.ActiveCfg = Debug|x86
		{F74676F4-A22B-4DDA-9879-3B625495401C}.Development|x86.Build.0 = Debug|x86
		{F74676F4-A22B-4DDA-9879-3B625495401C}.Release|Any CPU.ActiveCfg = Release|x86
		{F74676F4-A22B-4DDA-9879-3B625495401C}.Release|Mixed Platforms.ActiveCfg = Release|x86
		{F74676F4-A22B-4DDA-9879-3B625495401C}.Release|Mixed Platforms.Build.0 = Release|x86
		{F74676F4-A22B-4DDA-9879-3B625495401C}.Release|x86.ActiveCfg = Release|x86
		{F74676F4-A22B-4DDA-9879-3B625495401C}.Release|x86.Build.0 = Release|x86
		{D81CB28E-051D-4B02-A76D-B4E388F5A56F}.Debug|Any CPU.ActiveCfg = Debug|Any CPU
		{D81CB28E-051D-4B02-A76D-B4E388F5A56F}.Debug|Any CPU.Build.0 = Debug|Any CPU
		{D81CB28E-051D-4B02-A76D-B4E388F5A56F}.Debug|Mixed Platforms.ActiveCfg = Debug|Any CPU
		{D81CB28E-051D-4B02-A76D-B4E388F5A56F}.Debug|Mixed Platforms.Build.0 = Debug|Any CPU
		{D81CB28E-051D-4B02-A76D-B4E388F5A56F}.Debug|x86.ActiveCfg = Debug|Any CPU
		{D81CB28E-051D-4B02-A76D-B4E388F5A56F}.Development|Any CPU.ActiveCfg = Debug|Any CPU
		{D81CB28E-051D-4B02-A76D-B4E388F5A56F}.Development|Any CPU.Build.0 = Debug|Any CPU
		{D81CB28E-051D-4B02-A76D-B4E388F5A56F}.Development|Mixed Platforms.ActiveCfg = Debug|Any CPU
		{D81CB28E-051D-4B02-A76D-B4E388F5A56F}.Development|Mixed Platforms.Build.0 = Debug|Any CPU
		{D81CB28E-051D-4B02-A76D-B4E388F5A56F}.Development|x86.ActiveCfg = Debug|Any CPU
		{D81CB28E-051D-4B02-A76D-B4E388F5A56F}.Release|Any CPU.ActiveCfg = Release|Any CPU
		{D81CB28E-051D-4B02-A76D-B4E388F5A56F}.Release|Any CPU.Build.0 = Release|Any CPU
		{D81CB28E-051D-4B02-A76D-B4E388F5A56F}.Release|Mixed Platforms.ActiveCfg = Release|Any CPU
		{D81CB28E-051D-4B02-A76D-B4E388F5A56F}.Release|Mixed Platforms.Build.0 = Release|Any CPU
		{D81CB28E-051D-4B02-A76D-B4E388F5A56F}.Release|x86.ActiveCfg = Release|Any CPU
		{111EC373-7909-47BE-8A0A-98C8988CA931}.Debug|Any CPU.ActiveCfg = Debug|x86
		{111EC373-7909-47BE-8A0A-98C8988CA931}.Debug|Mixed Platforms.ActiveCfg = Debug|x86
		{111EC373-7909-47BE-8A0A-98C8988CA931}.Debug|Mixed Platforms.Build.0 = Debug|x86
		{111EC373-7909-47BE-8A0A-98C8988CA931}.Debug|x86.ActiveCfg = Debug|x86
		{111EC373-7909-47BE-8A0A-98C8988CA931}.Debug|x86.Build.0 = Debug|x86
		{111EC373-7909-47BE-8A0A-98C8988CA931}.Development|Any CPU.ActiveCfg = Debug|x86
		{111EC373-7909-47BE-8A0A-98C8988CA931}.Development|Mixed Platforms.ActiveCfg = Debug|x86
		{111EC373-7909-47BE-8A0A-98C8988CA931}.Development|Mixed Platforms.Build.0 = Debug|x86
		{111EC373-7909-47BE-8A0A-98C8988CA931}.Development|x86.ActiveCfg = Debug|x86
		{111EC373-7909-47BE-8A0A-98C8988CA931}.Development|x86.Build.0 = Debug|x86
		{111EC373-7909-47BE-8A0A-98C8988CA931}.Release|Any CPU.ActiveCfg = Release|x86
		{111EC373-7909-47BE-8A0A-98C8988CA931}.Release|Mixed Platforms.ActiveCfg = Release|x86
		{111EC373-7909-47BE-8A0A-98C8988CA931}.Release|Mixed Platforms.Build.0 = Release|x86
		{111EC373-7909-47BE-8A0A-98C8988CA931}.Release|x86.ActiveCfg = Release|x86
		{111EC373-7909-47BE-8A0A-98C8988CA931}.Release|x86.Build.0 = Release|x86
		{AD221994-DF35-431B-87E6-1475B6FE22B9}.Debug|Any CPU.ActiveCfg = Debug|x86
		{AD221994-DF35-431B-87E6-1475B6FE22B9}.Debug|Mixed Platforms.ActiveCfg = Debug|x86
		{AD221994-DF35-431B-87E6-1475B6FE22B9}.Debug|Mixed Platforms.Build.0 = Debug|x86
		{AD221994-DF35-431B-87E6-1475B6FE22B9}.Debug|x86.ActiveCfg = Debug|x86
		{AD221994-DF35-431B-87E6-1475B6FE22B9}.Debug|x86.Build.0 = Debug|x86
		{AD221994-DF35-431B-87E6-1475B6FE22B9}.Development|Any CPU.ActiveCfg = Debug|x86
		{AD221994-DF35-431B-87E6-1475B6FE22B9}.Development|Mixed Platforms.ActiveCfg = Debug|x86
		{AD221994-DF35-431B-87E6-1475B6FE22B9}.Development|Mixed Platforms.Build.0 = Debug|x86
		{AD221994-DF35-431B-87E6-1475B6FE22B9}.Development|x86.ActiveCfg = Debug|x86
		{AD221994-DF35-431B-87E6-1475B6FE22B9}.Development|x86.Build.0 = Debug|x86
		{AD221994-DF35-431B-87E6-1475B6FE22B9}.Release|Any CPU.ActiveCfg = Release|x86
		{AD221994-DF35-431B-87E6-1475B6FE22B9}.Release|Mixed Platforms.ActiveCfg = Release|x86
		{AD221994-DF35-431B-87E6-1475B6FE22B9}.Release|Mixed Platforms.Build.0 = Release|x86
		{AD221994-DF35-431B-87E6-1475B6FE22B9}.Release|x86.ActiveCfg = Release|x86
		{AD221994-DF35-431B-87E6-1475B6FE22B9}.Release|x86.Build.0 = Release|x86
		{3F5D1A93-2449-4058-B12F-90E0BEE418DC}.Debug|Any CPU.ActiveCfg = Debug|x86
		{3F5D1A93-2449-4058-B12F-90E0BEE418DC}.Debug|Mixed Platforms.ActiveCfg = Debug|x86
		{3F5D1A93-2449-4058-B12F-90E0BEE418DC}.Debug|Mixed Platforms.Build.0 = Debug|x86
		{3F5D1A93-2449-4058-B12F-90E0BEE418DC}.Debug|x86.ActiveCfg = Debug|x86
		{3F5D1A93-2449-4058-B12F-90E0BEE418DC}.Debug|x86.Build.0 = Debug|x86
		{3F5D1A93-2449-4058-B12F-90E0BEE418DC}.Development|Any CPU.ActiveCfg = Debug|x86
		{3F5D1A93-2449-4058-B12F-90E0BEE418DC}.Development|Mixed Platforms.ActiveCfg = Debug|x86
		{3F5D1A93-2449-4058-B12F-90E0BEE418DC}.Development|Mixed Platforms.Build.0 = Debug|x86
		{3F5D1A93-2449-4058-B12F-90E0BEE418DC}.Development|x86.ActiveCfg = Debug|x86
		{3F5D1A93-2449-4058-B12F-90E0BEE418DC}.Development|x86.Build.0 = Debug|x86
		{3F5D1A93-2449-4058-B12F-90E0BEE418DC}.Release|Any CPU.ActiveCfg = Release|x86
		{3F5D1A93-2449-4058-B12F-90E0BEE418DC}.Release|Mixed Platforms.ActiveCfg = Release|x86
		{3F5D1A93-2449-4058-B12F-90E0BEE418DC}.Release|Mixed Platforms.Build.0 = Release|x86
		{3F5D1A93-2449-4058-B12F-90E0BEE418DC}.Release|x86.ActiveCfg = Release|x86
		{3F5D1A93-2449-4058-B12F-90E0BEE418DC}.Release|x86.Build.0 = Release|x86
		{695B0CD0-0B3E-4660-9DF3-F37FF10121CE}.Debug|Any CPU.ActiveCfg = Debug|x86
		{695B0CD0-0B3E-4660-9DF3-F37FF10121CE}.Debug|Mixed Platforms.ActiveCfg = Debug|x86
		{695B0CD0-0B3E-4660-9DF3-F37FF10121CE}.Debug|Mixed Platforms.Build.0 = Debug|x86
		{695B0CD0-0B3E-4660-9DF3-F37FF10121CE}.Debug|x86.ActiveCfg = Debug|x86
		{695B0CD0-0B3E-4660-9DF3-F37FF10121CE}.Debug|x86.Build.0 = Debug|x86
		{695B0CD0-0B3E-4660-9DF3-F37FF10121CE}.Development|Any CPU.ActiveCfg = Debug|x86
		{695B0CD0-0B3E-4660-9DF3-F37FF10121CE}.Development|Mixed Platforms.ActiveCfg = Debug|x86
		{695B0CD0-0B3E-4660-9DF3-F37FF10121CE}.Development|Mixed Platforms.Build.0 = Debug|x86
		{695B0CD0-0B3E-4660-9DF3-F37FF10121CE}.Development|x86.ActiveCfg = Debug|x86
		{695B0CD0-0B3E-4660-9DF3-F37FF10121CE}.Development|x86.Build.0 = Debug|x86
		{695B0CD0-0B3E-4660-9DF3-F37FF10121CE}.Release|Any CPU.ActiveCfg = Release|x86
		{695B0CD0-0B3E-4660-9DF3-F37FF10121CE}.Release|Mixed Platforms.ActiveCfg = Release|x86
		{695B0CD0-0B3E-4660-9DF3-F37FF10121CE}.Release|Mixed Platforms.Build.0 = Release|x86
		{695B0CD0-0B3E-4660-9DF3-F37FF10121CE}.Release|x86.ActiveCfg = Release|x86
		{695B0CD0-0B3E-4660-9DF3-F37FF10121CE}.Release|x86.Build.0 = Release|x86
		{FE3A028B-2122-4C8A-B736-1220A11B7095}.Debug|Any CPU.ActiveCfg = Debug|x86
		{FE3A028B-2122-4C8A-B736-1220A11B7095}.Debug|Mixed Platforms.ActiveCfg = Debug|x86
		{FE3A028B-2122-4C8A-B736-1220A11B7095}.Debug|Mixed Platforms.Build.0 = Debug|x86
		{FE3A028B-2122-4C8A-B736-1220A11B7095}.Debug|x86.ActiveCfg = Debug|x86
		{FE3A028B-2122-4C8A-B736-1220A11B7095}.Debug|x86.Build.0 = Debug|x86
		{FE3A028B-2122-4C8A-B736-1220A11B7095}.Development|Any CPU.ActiveCfg = Debug|x86
		{FE3A028B-2122-4C8A-B736-1220A11B7095}.Development|Mixed Platforms.ActiveCfg = Debug|x86
		{FE3A028B-2122-4C8A-B736-1220A11B7095}.Development|Mixed Platforms.Build.0 = Debug|x86
		{FE3A028B-2122-4C8A-B736-1220A11B7095}.Development|x86.ActiveCfg = Debug|x86
		{FE3A028B-2122-4C8A-B736-1220A11B7095}.Development|x86.Build.0 = Debug|x86
		{FE3A028B-2122-4C8A-B736-1220A11B7095}.Release|Any CPU.ActiveCfg = Release|x86
		{FE3A028B-2122-4C8A-B736-1220A11B7095}.Release|Mixed Platforms.ActiveCfg = Release|x86
		{FE3A028B-2122-4C8A-B736-1220A11B7095}.Release|Mixed Platforms.Build.0 = Release|x86
		{FE3A028B-2122-4C8A-B736-1220A11B7095}.Release|x86.ActiveCfg = Release|x86
		{FE3A028B-2122-4C8A-B736-1220A11B7095}.Release|x86.Build.0 = Release|x86
		{54A1C4EB-5016-4608-92C3-0F2F2F13F331}.Debug|Any CPU.ActiveCfg = Debug|x86
		{54A1C4EB-5016-4608-92C3-0F2F2F13F331}.Debug|Mixed Platforms.ActiveCfg = Debug|x86
		{54A1C4EB-5016-4608-92C3-0F2F2F13F331}.Debug|Mixed Platforms.Build.0 = Debug|x86
		{54A1C4EB-5016-4608-92C3-0F2F2F13F331}.Debug|x86.ActiveCfg = Debug|x86
		{54A1C4EB-5016-4608-92C3-0F2F2F13F331}.Debug|x86.Build.0 = Debug|x86
		{54A1C4EB-5016-4608-92C3-0F2F2F13F331}.Development|Any CPU.ActiveCfg = Debug|x86
		{54A1C4EB-5016-4608-92C3-0F2F2F13F331}.Development|Mixed Platforms.ActiveCfg = Debug|x86
		{54A1C4EB-5016-4608-92C3-0F2F2F13F331}.Development|Mixed Platforms.Build.0 = Debug|x86
		{54A1C4EB-5016-4608-92C3-0F2F2F13F331}.Development|x86.ActiveCfg = Debug|x86
		{54A1C4EB-5016-4608-92C3-0F2F2F13F331}.Development|x86.Build.0 = Debug|x86
		{54A1C4EB-5016-4608-92C3-0F2F2F13F331}.Release|Any CPU.ActiveCfg = Release|x86
		{54A1C4EB-5016-4608-92C3-0F2F2F13F331}.Release|Mixed Platforms.ActiveCfg = Release|x86
		{54A1C4EB-5016-4608-92C3-0F2F2F13F331}.Release|Mixed Platforms.Build.0 = Release|x86
		{54A1C4EB-5016-4608-92C3-0F2F2F13F331}.Release|x86.ActiveCfg = Release|x86
		{54A1C4EB-5016-4608-92C3-0F2F2F13F331}.Release|x86.Build.0 = Release|x86
		{22337500-385F-4F8C-8AAB-58B9DB23DF0A}.Debug|Any CPU.ActiveCfg = Debug|x86
		{22337500-385F-4F8C-8AAB-58B9DB23DF0A}.Debug|Mixed Platforms.ActiveCfg = Debug|x86
		{22337500-385F-4F8C-8AAB-58B9DB23DF0A}.Debug|Mixed Platforms.Build.0 = Debug|x86
		{22337500-385F-4F8C-8AAB-58B9DB23DF0A}.Debug|x86.ActiveCfg = Debug|x86
		{22337500-385F-4F8C-8AAB-58B9DB23DF0A}.Debug|x86.Build.0 = Debug|x86
		{22337500-385F-4F8C-8AAB-58B9DB23DF0A}.Development|Any CPU.ActiveCfg = Debug|x86
		{22337500-385F-4F8C-8AAB-58B9DB23DF0A}.Development|Mixed Platforms.ActiveCfg = Debug|x86
		{22337500-385F-4F8C-8AAB-58B9DB23DF0A}.Development|Mixed Platforms.Build.0 = Debug|x86
		{22337500-385F-4F8C-8AAB-58B9DB23DF0A}.Development|x86.ActiveCfg = Debug|x86
		{22337500-385F-4F8C-8AAB-58B9DB23DF0A}.Development|x86.Build.0 = Debug|x86
		{22337500-385F-4F8C-8AAB-58B9DB23DF0A}.Release|Any CPU.ActiveCfg = Release|x86
		{22337500-385F-4F8C-8AAB-58B9DB23DF0A}.Release|Mixed Platforms.ActiveCfg = Release|x86
		{22337500-385F-4F8C-8AAB-58B9DB23DF0A}.Release|Mixed Platforms.Build.0 = Release|x86
		{22337500-385F-4F8C-8AAB-58B9DB23DF0A}.Release|x86.ActiveCfg = Release|x86
		{22337500-385F-4F8C-8AAB-58B9DB23DF0A}.Release|x86.Build.0 = Release|x86
	EndGlobalSection
	GlobalSection(SolutionProperties) = preSolution
		HideSolutionNode = FALSE
	EndGlobalSection
	GlobalSection(SubversionScc) = preSolution
		Svn-Managed = True
		Manager = AnkhSVN - Subversion Support for Visual Studio
	EndGlobalSection
EndGlobal
